// !$*UTF8*$!
{
	archiveVersion = 1;
	classes = {
	};
	objectVersion = 46;
	objects = {

/* Begin PBXBuildFile section */
		02C8510AF79D7848DE9BBE94 /* MutabilityGating.swift in Sources */ = {isa = PBXBuildFile; fileRef = 7F259E7AF0F55EF1A4FBBEF6 /* MutabilityGating.swift */; };
		02F3FC0C99C871B691F15067 /* PlatformPathTests.m in Sources */ = {isa = PBXBuildFile; fileRef = 4A26E45FF7FCBD76071D365C /* PlatformPathTests.m */; };
		06647E9920636494F371A34B /* RunningControlsView.swift in Sources */ = {isa = PBXBuildFile; fileRef = D7155703E8F6824CD15EAF6C /* RunningControlsView.swift */; };
		0960F78CCF406D00ACFAA036 /* podule_config_macos.mm in Sources */ = {isa = PBXBuildFile; fileRef = 071E2996689D8CD9BAD641D5 /* podule_config_macos.mm */; };
		0B03A492F764FFFB367E2134 /* config.c in Sources */ = {isa = PBXBuildFile; fileRef = D0D019A95BE3B62F320C5539 /* config.c */; };
		0DCEEF885FCEC08947B2BEBE /* ide_zidefs.c in Sources */ = {isa = PBXBuildFile; fileRef = 2938EBA9CA4C9253551E0CD5 /* ide_zidefs.c */; };
		0E0085E55142711FBFCC4E4A /* platform_paths.c in Sources */ = {isa = PBXBuildFile; fileRef = 4CC898DC59788AE653C69C6A /* platform_paths.c */; };
		0E065EAE23778E9B7BA72D2A /* arm.c in Sources */ = {isa = PBXBuildFile; fileRef = 26233FD4D87BFC0652987F5E /* arm.c */; };
		0E5B756EDE152FDCD7EA2A8F /* disc_mfm_common.c in Sources */ = {isa = PBXBuildFile; fileRef = 41EE312B94C2EC0287EE3526 /* disc_mfm_common.c */; };
		0FD4B525E7A1A92167B1D730 /* ContentHostingController.swift in Sources */ = {isa = PBXBuildFile; fileRef = E1063912FAD12EFB232B3E0D /* ContentHostingController.swift */; };
		134A2A3AA678165BF631A1CC /* CMOSLoadTests.m in Sources */ = {isa = PBXBuildFile; fileRef = 21CB70DF3E0A7E2F5ED1E53B /* CMOSLoadTests.m */; };
		13BDB1C6436561B801340967 /* wd1770.c in Sources */ = {isa = PBXBuildFile; fileRef = DA54E2BC8A922FB8D1F4E910 /* wd1770.c */; };
		16EDFF70ECB3068351380D52 /* eterna.c in Sources */ = {isa = PBXBuildFile; fileRef = 6C7E2CB29EAB856743AD3800 /* eterna.c */; };
		171D1C8FB70688D54758B1EC /* disc_apd.c in Sources */ = {isa = PBXBuildFile; fileRef = 009C23401FA9C203994539F9 /* disc_apd.c */; };
		1C1851019A25AC2E025F6EDF /* romload.c in Sources */ = {isa = PBXBuildFile; fileRef = E2C8C1AED3BF8BF2C035E178 /* romload.c */; };
		21A6460994BF175B55B5C6BB /* ScriptingCommandSupport.mm in Sources */ = {isa = PBXBuildFile; fileRef = 0FF8AEBEC4020ABD9DF1A5A8 /* ScriptingCommandSupport.mm */; };
		228751748021F3AB9DF291FB /* AudioToolbox.framework in Frameworks */ = {isa = PBXBuildFile; fileRef = 717CEB05168FDEE1B4023EE7 /* AudioToolbox.framework */; };
		233EF68A52CB55D2B6D09008 /* ide_config.c in Sources */ = {isa = PBXBuildFile; fileRef = 668EBC99F4856DEB32A9EFEA /* ide_config.c */; };
		24C4451909D38E18E10ED9F6 /* ds2401.c in Sources */ = {isa = PBXBuildFile; fileRef = E65DC46B9941397B30EC4779 /* ds2401.c */; };
		29F9C90B9CFC95A49A11158D /* platform_paths.c in Sources */ = {isa = PBXBuildFile; fileRef = 4ABFFF244E4A3A1BE99D1A37 /* platform_paths.c */; };
		2E6FB2E70C5907201C5B07F2 /* AutomationScriptingCommands.mm in Sources */ = {isa = PBXBuildFile; fileRef = BD923A83AF9247C4C6E9C5C1 /* AutomationScriptingCommands.mm */; };
		2EAB5B95F70E651D6B38AC07 /* hd_macos.mm in Sources */ = {isa = PBXBuildFile; fileRef = B52E0D3239F3279F50C022D1 /* hd_macos.mm */; };
		33EE2DB58D2521EF832D910A /* ioc.c in Sources */ = {isa = PBXBuildFile; fileRef = 466C3F6D25F8CC41F7CA13EC /* ioc.c */; };
		340BF29C24A381EFC691989E /* ConfigLoadTests.m in Sources */ = {isa = PBXBuildFile; fileRef = AA9C3574E7402D2214461C96 /* ConfigLoadTests.m */; };
		36C1D160F2C79954EC2D121C /* DisplaySettingsView.swift in Sources */ = {isa = PBXBuildFile; fileRef = 2F512E832E03EC320DCA503C /* DisplaySettingsView.swift */; };
		379BEE5985BA4D54CF087A23 /* cmos.c in Sources */ = {isa = PBXBuildFile; fileRef = 0064A03797EF072DFC808627 /* cmos.c */; };
		37E8D30A725EEB6642FE9703 /* Cocoa.framework in Frameworks */ = {isa = PBXBuildFile; fileRef = 2F615A39BBD39CD18B8EA653 /* Cocoa.framework */; };
		3A4476DF72D200A059C1BB9F /* fpa.c in Sources */ = {isa = PBXBuildFile; fileRef = A9624C806D3F62EF1CC06E9E /* fpa.c */; };
		3C838805CE2D24E1DA82C4D1 /* ide.c in Sources */ = {isa = PBXBuildFile; fileRef = 28DE632E917F641F0621E7EF /* ide.c */; };
		40A7EBC2B8DC8B920F624193 /* fdi2raw.c in Sources */ = {isa = PBXBuildFile; fileRef = F55CCB561FAEBD117EFD4649 /* fdi2raw.c */; };
		4246B26BEAF4EC4553FBF604 /* ddnoise.c in Sources */ = {isa = PBXBuildFile; fileRef = 9DBBE69390CB415E543266EC /* ddnoise.c */; };
		432FF30D091CD8366A1E08BD /* podules-macosx.c in Sources */ = {isa = PBXBuildFile; fileRef = 9B0AC11260A8BF198BB060F8 /* podules-macosx.c */; };
		459304C8995C0027141718FC /* ConfigEditorView.swift in Sources */ = {isa = PBXBuildFile; fileRef = D2019FAB30AC0CBC62489EF0 /* ConfigEditorView.swift */; };
		47F5063F97770513C61CB650 /* ide_a3in.c in Sources */ = {isa = PBXBuildFile; fileRef = F483E6845BBA2AB6FA4E78A0 /* ide_a3in.c */; };
		498FF1A5E691F8AA8198BC0F /* disc.c in Sources */ = {isa = PBXBuildFile; fileRef = 7BF5F3680F81E829146EDE6E /* disc.c */; };
		49F768EB5EFCD1EE0C85FAD7 /* console_macos.mm in Sources */ = {isa = PBXBuildFile; fileRef = D825437C190C79A4254C911D /* console_macos.mm */; };
		4CCB6A8B47B4DAF964A59BB7 /* sound_coreaudio.m in Sources */ = {isa = PBXBuildFile; fileRef = FB085EF773BC06E09495B893 /* sound_coreaudio.m */; };
		4D789ABA267D2878471DAD62 /* ide_zidefs_a3k.c in Sources */ = {isa = PBXBuildFile; fileRef = A291CEADFE17FFFD54976691 /* ide_zidefs_a3k.c */; };
		53C5EE0AB0E712D0C8C4B00E /* SidebarHostingController.swift in Sources */ = {isa = PBXBuildFile; fileRef = DD77D1649D9856799439F61D /* SidebarHostingController.swift */; };
		55615B67893DFCBA47D7B318 /* keyboard.c in Sources */ = {isa = PBXBuildFile; fileRef = 41F902B1EDC23FAAADCBE679 /* keyboard.c */; };
		56901A4326E31B2E0863A580 /* input_macos.m in Sources */ = {isa = PBXBuildFile; fileRef = C56F9662527AFBDF1C8C8350 /* input_macos.m */; };
		5740FA0DF1C44DAF2B873C06 /* ConfigListModel.swift in Sources */ = {isa = PBXBuildFile; fileRef = E2A8883AFAC51BD9B9FB2432 /* ConfigListModel.swift */; };
		57D8A71F7BCE2982ED6442EE /* IOKit.framework in Frameworks */ = {isa = PBXBuildFile; fileRef = 7D0D4F764EF37670AA12213F /* IOKit.framework */; };
		586FE209E32D5B1669D3151A /* QuartzCore.framework in Frameworks */ = {isa = PBXBuildFile; fileRef = 4D71A84E50E19CED60D9CC03 /* QuartzCore.framework */; };
		59BBAEE526BFDD8A5D09D5B4 /* disc_fdi.c in Sources */ = {isa = PBXBuildFile; fileRef = D4C3E41B59044C132EC2F05C /* disc_fdi.c */; };
		5B16705EE1DB9A6FA4F926A0 /* PreselectedConfigUITests.swift in Sources */ = {isa = PBXBuildFile; fileRef = D1475D1F88D1AEC61115B220 /* PreselectedConfigUITests.swift */; };
		5C610851FE3E8BBA8866FF4E /* NSApplication+Scripting.mm in Sources */ = {isa = PBXBuildFile; fileRef = 2E30D3EDE70B44640C279D15 /* NSApplication+Scripting.mm */; };
		61227E710FD1B1534B9090F2 /* CoreFoundation.framework in Frameworks */ = {isa = PBXBuildFile; fileRef = 8964BC82D1EA81597992B327 /* CoreFoundation.framework */; };
		65AB35C5C11D538664F67E2F /* input_snapshot.c in Sources */ = {isa = PBXBuildFile; fileRef = 486D7FE954F9ED9A3291F34D /* input_snapshot.c */; };
		6ABABFF72FA6CDC284507EBA /* core_test_stubs.c in Sources */ = {isa = PBXBuildFile; fileRef = 04A039B30B3C809D1735C64E /* core_test_stubs.c */; };
		6D6679BBAB0F4A3378A54475 /* KeyboardMappingTests.m in Sources */ = {isa = PBXBuildFile; fileRef = 30D35754244B2CC7B5CF212A /* KeyboardMappingTests.m */; };
		6F2A6DAA3345438D37E2DDAD /* VideoRendererShutdownTests.m in Sources */ = {isa = PBXBuildFile; fileRef = 01A5524A77FB4B132CA2B312 /* VideoRendererShutdownTests.m */; };
		6F2D467A84A17BC4C25E76CC /* Assets.xcassets in Resources */ = {isa = PBXBuildFile; fileRef = E3E1FF53A761770C3630386E /* Assets.xcassets */; };
		6F40B00084A17BC4C25E76CC /* templates in Resources */ = {isa = PBXBuildFile; fileRef = 6F40B00184A17BC4C25E76CC /* templates */; };
		6F6B444A210C18CE77B475EC /* MachinePresetBridge.mm in Sources */ = {isa = PBXBuildFile; fileRef = A278397D3D8BEB8FEFE987C1 /* MachinePresetBridge.mm */; };
		6F93CAC2487D3D8811B75146 /* InternalDriveScriptingCommands.mm in Sources */ = {isa = PBXBuildFile; fileRef = 49C887ABAA78806AE1750ABA /* InternalDriveScriptingCommands.mm */; };
		70BEF4783012D1FDDFAF44D4 /* 82c711.c in Sources */ = {isa = PBXBuildFile; fileRef = 574F837A351A8600A645A176 /* 82c711.c */; };
		7466E59F9D7AE73FFED6892E /* ide_riscdev.c in Sources */ = {isa = PBXBuildFile; fileRef = 84181022E2D6A0381460AF1B /* ide_riscdev.c */; };
		76BB400612A89570A44E5F3E /* ide_idea.c in Sources */ = {isa = PBXBuildFile; fileRef = F7BF80B2CC0C361885BFE493 /* ide_idea.c */; };
		772B7140B1384B5085CFF644 /* lc.c in Sources */ = {isa = PBXBuildFile; fileRef = F098E1B34D44BDEC92213963 /* lc.c */; };
		7C7DC353E7CCFDB211A50AA5 /* disc_adf.c in Sources */ = {isa = PBXBuildFile; fileRef = 81804D05862952FB0AD4EA5A /* disc_adf.c */; };
		7DAE4D8959F74EABA9763BD9 /* AppleScriptCommandTests.mm in Sources */ = {isa = PBXBuildFile; fileRef = 4056AC0FE55F838FB2C3733F /* AppleScriptCommandTests.mm */; };
		7DB91167E7BE0777175B4B0F /* colourcard.c in Sources */ = {isa = PBXBuildFile; fileRef = 7CAC6C93C331FA071E4D558A /* colourcard.c */; };
		7DC01468B7BD059B75BF6CDD /* MetalKit.framework in Frameworks */ = {isa = PBXBuildFile; fileRef = C65306C934FC8AE09C26B231 /* MetalKit.framework */; };
		81F26E152B16B17F7A0942D8 /* ConfigScriptingCommands.mm in Sources */ = {isa = PBXBuildFile; fileRef = DF830A2BE4A6D7889CC14CBB /* ConfigScriptingCommands.mm */; };
		8488F7580E332AEA40E9BF50 /* vidc.c in Sources */ = {isa = PBXBuildFile; fileRef = FA730CE8DB404D4662B64EBB /* vidc.c */; };
		852D2FEA1D8798297FDAC1E3 /* ioeb.c in Sources */ = {isa = PBXBuildFile; fileRef = 9EAAF86BD2C77AAE53DBF826 /* ioeb.c */; };
		874C804F6E3815598295B887 /* Carbon.framework in Frameworks */ = {isa = PBXBuildFile; fileRef = EA9B64B053868B0579036F7E /* Carbon.framework */; };
		8AD406F1C48965B2BBB2A077 /* debugger_swis.c in Sources */ = {isa = PBXBuildFile; fileRef = ECDDD30AFB9054BB335B81AF /* debugger_swis.c */; };
		8DB509B1E68B236449F0BCE0 /* CoreAudio.framework in Frameworks */ = {isa = PBXBuildFile; fileRef = AE37121FBF93B5AEE276B71D /* CoreAudio.framework */; };
		8F8846DA43C5B3E39CE2E986 /* Cocoa.framework in Frameworks */ = {isa = PBXBuildFile; fileRef = 47DCB3E71A5AE70DF59535F6 /* Cocoa.framework */; };
		9251D741B86BAD0150785A81 /* Arculator.sdef in Resources */ = {isa = PBXBuildFile; fileRef = 8E3ED51FE0A99C4E39873532 /* Arculator.sdef */; };
		92AD422B3995712086A17E3A /* SwiftInteropSmoke.swift in Sources */ = {isa = PBXBuildFile; fileRef = 415B9375AC23552C0B124CF2 /* SwiftInteropSmoke.swift */; };
		937AC6C6C897E709B9819097 /* Cocoa.framework in Frameworks */ = {isa = PBXBuildFile; fileRef = 2F615A39BBD39CD18B8EA653 /* Cocoa.framework */; };
		950A811A1EC2B3B18D0EC765 /* disc_scp.c in Sources */ = {isa = PBXBuildFile; fileRef = 9A0798A90A24EC5FC0E0C8E6 /* disc_scp.c */; };
		95C0F884952A87FABEC2154F /* DiscSlotView.swift in Sources */ = {isa = PBXBuildFile; fileRef = 7AD1C7CB5C74A1993C6CA82D /* DiscSlotView.swift */; };
		95D507A4EC4D97B0E4647E35 /* MenuToolbarSyncUITests.swift in Sources */ = {isa = PBXBuildFile; fileRef = 55566D9BA1B8C7ABF191EE59 /* MenuToolbarSyncUITests.swift */; };
		97D4D3BF999B1D753E53EDA6 /* cmos.c in Sources */ = {isa = PBXBuildFile; fileRef = 4FA17A3D83DC75DB35326009 /* cmos.c */; };
		99168A927449FFE1BBFC1681 /* HardwareEnumeration.swift in Sources */ = {isa = PBXBuildFile; fileRef = 5BFBEAC7379C3F9D6762DC48 /* HardwareEnumeration.swift */; };
		9AF8781DD3CBE7048E710CD2 /* config.c in Sources */ = {isa = PBXBuildFile; fileRef = 93BBDD231F07AAF3D5D879A8 /* config.c */; };
		9BCAC4093B1B529992A0B275 /* GameController.framework in Frameworks */ = {isa = PBXBuildFile; fileRef = 569B850BED451E8738DAD04E /* GameController.framework */; };
		9D1549E7428039491A87FE05 /* podules.c in Sources */ = {isa = PBXBuildFile; fileRef = 98E7A26CBF19484A674744F9 /* podules.c */; };
		9D46098A14D7A1E33A8DE2A7 /* LifecycleScriptingCommands.mm in Sources */ = {isa = PBXBuildFile; fileRef = 62437676D719C9281FAB5648 /* LifecycleScriptingCommands.mm */; };
		9DD6B304B85DD420CED0815A /* sound.c in Sources */ = {isa = PBXBuildFile; fileRef = 542D63A2054D391C556F617C /* sound.c */; };
		A021E539B68835685B0A5B19 /* joystick.c in Sources */ = {isa = PBXBuildFile; fileRef = F13B80FB37F3F6B558FEA27B /* joystick.c */; };
		A0BF5BC40A224E7BC72EB6D0 /* GeneralSettingsView.swift in Sources */ = {isa = PBXBuildFile; fileRef = 0D0A8A5202BA455E5B2C1F77 /* GeneralSettingsView.swift */; };
		A1D8584731F111B09F9DD40B /* main.c in Sources */ = {isa = PBXBuildFile; fileRef = FB5731716F7E3CEE78D416CF /* main.c */; };
		A39CEE83C7869828B5CD5963 /* SwiftUI.framework in Frameworks */ = {isa = PBXBuildFile; fileRef = 6E535D005C9BFF079D293F87 /* SwiftUI.framework */; };
		AA2CA5BB38F9764CFD691F5A /* disc_jfd.c in Sources */ = {isa = PBXBuildFile; fileRef = 584F80D8F80CE1CEF7CE373E /* disc_jfd.c */; };
		AB888D918F47BD76823B209F /* PeripheralsSettingsView.swift in Sources */ = {isa = PBXBuildFile; fileRef = C9D25C28CD58489881DA1EDA /* PeripheralsSettingsView.swift */; };
		AB9751DE96A5B92BD9C431C3 /* StorageSettingsView.swift in Sources */ = {isa = PBXBuildFile; fileRef = EC75EA6F15FADB57E5B5BB36 /* StorageSettingsView.swift */; };
		AD2EFB52315A5B57BEDB4CF8 /* mem.c in Sources */ = {isa = PBXBuildFile; fileRef = AF69EF1A91CCD432895CF019 /* mem.c */; };
		B0DC4059B18964327BFAC853 /* ToolbarManager.swift in Sources */ = {isa = PBXBuildFile; fileRef = 15276EFEFB31C3D66F37AD86 /* ToolbarManager.swift */; };
		B62F192711BB26B10F817784 /* debugger.c in Sources */ = {isa = PBXBuildFile; fileRef = B1458EE7DE6D315134BDB96A /* debugger.c */; };
		B9B4DA823A614DB63E6DA14D /* Metal.framework in Frameworks */ = {isa = PBXBuildFile; fileRef = 35AFEC3CD9DB2DABFF8B21FD /* Metal.framework */; };
		B9F968E412157AAF6CCE4307 /* MutabilityGatingUITests.swift in Sources */ = {isa = PBXBuildFile; fileRef = 1B7E8A39B8CF4CB2CF5AC350 /* MutabilityGatingUITests.swift */; };
		BA9FB77B9672F14677EF5410 /* InputScriptingCommands.mm in Sources */ = {isa = PBXBuildFile; fileRef = B41366257567EF0F4F0270D2 /* InputScriptingCommands.mm */; };
		BE581337F213923AF086E4CA /* EmulatorMetalView.swift in Sources */ = {isa = PBXBuildFile; fileRef = 33B48FB6BF31253FB222CC1C /* EmulatorMetalView.swift */; };
		C049031766F42C0571D6DBFB /* OpenGL.framework in Frameworks */ = {isa = PBXBuildFile; fileRef = F1D9C4631EE29316650F0401 /* OpenGL.framework */; };
		C0535706E13B6A2D6A64C5C2 /* hostfs.c in Sources */ = {isa = PBXBuildFile; fileRef = 8849210744464B43E59FBF0E /* hostfs.c */; };
		C2283C5CAA6C77563386CFE5 /* video_metal.m in Sources */ = {isa = PBXBuildFile; fileRef = BF73620CC2FC3DE6D9A15462 /* video_metal.m */; };
		C229EA3A7B43BBD9253D725B /* EmulatorState.swift in Sources */ = {isa = PBXBuildFile; fileRef = 7BFB57CBB312A7F8A63194AC /* EmulatorState.swift */; };
		C2E7C159920E2827FB0D35FA /* ConfigListView.swift in Sources */ = {isa = PBXBuildFile; fileRef = 734241BB390DDEB20D65AFEF /* ConfigListView.swift */; };
		C745D99553E4714B3EF5FB01 /* DiscSlotUITests.swift in Sources */ = {isa = PBXBuildFile; fileRef = D0FB46C91F08E186E31B91B1 /* DiscSlotUITests.swift */; };
		C77404D24115DE7A3FEBED75 /* st506_akd52.c in Sources */ = {isa = PBXBuildFile; fileRef = 70751B4A849EB8F7BA5EB61E /* st506_akd52.c */; };
		C9B283DE8DE9D07B5B18DF4C /* InputInjectionBridge.mm in Sources */ = {isa = PBXBuildFile; fileRef = E1E76812538AC72CC6FE0E98 /* InputInjectionBridge.mm */; };
		CA9A305544115993E423320F /* bmu.c in Sources */ = {isa = PBXBuildFile; fileRef = 7E7660F4064A03D8EE467258 /* bmu.c */; };
		CB908B32736D0149AD5140DA /* joystick_gc.m in Sources */ = {isa = PBXBuildFile; fileRef = 60C876403AC0200F48ECB4F3 /* joystick_gc.m */; };
		CBBB9C28FFE0FF366E887ABC /* 82c711_fdc.c in Sources */ = {isa = PBXBuildFile; fileRef = E23110BF73D347410A478B1D /* 82c711_fdc.c */; };
		CD32223B214217D666E3FB55 /* timer.c in Sources */ = {isa = PBXBuildFile; fileRef = B652F221553A44DE2038311B /* timer.c */; };
		CE177A15D62B1061A007F01E /* timer.c in Sources */ = {isa = PBXBuildFile; fileRef = 75574187119BFBFB4D5A88EC /* timer.c */; };
		CEA6C7288A635DE87C7067D3 /* ArculatorUITestCase.swift in Sources */ = {isa = PBXBuildFile; fileRef = 278CF91735BC611DB8D5326E /* ArculatorUITestCase.swift */; };
		CF74080B4A3D901905DA022A /* SidebarView.swift in Sources */ = {isa = PBXBuildFile; fileRef = 48C24FF77B138BEEBEE8CFC9 /* SidebarView.swift */; };
		CFAF39377D792F39B02BD955 /* g16.c in Sources */ = {isa = PBXBuildFile; fileRef = F92DB5BD0B8A9B5C0406C68A /* g16.c */; };
		D0412C2508E1D1562C4268DE /* emulation_control.c in Sources */ = {isa = PBXBuildFile; fileRef = E926455B12D2F02334BED01F /* emulation_control.c */; };
		D25E73922CEADA355701C9BD /* st506.c in Sources */ = {isa = PBXBuildFile; fileRef = 912430D51E0903CCBA3EC0BE /* st506.c */; };
		D3DDE55B2ECF901F6967F40E /* ConfigEditorBridge.mm in Sources */ = {isa = PBXBuildFile; fileRef = 3E5919F62224C8582EDBF703 /* ConfigEditorBridge.mm */; };
		D54713AB633BCA839D9D7A28 /* LaunchIdleUITests.swift in Sources */ = {isa = PBXBuildFile; fileRef = 532B579A786868EE622BE4CF /* LaunchIdleUITests.swift */; };
		D56D04FB3429404F79B28CC0 /* printer.c in Sources */ = {isa = PBXBuildFile; fileRef = 332D36111A5D64C0CE6162AA /* printer.c */; };
		D8ED74F4AD6C55AEE8781423 /* Cocoa.framework in Frameworks */ = {isa = PBXBuildFile; fileRef = 2F615A39BBD39CD18B8EA653 /* Cocoa.framework */; };
		E08FE5D45E869496A50C7EFD /* MachineConfigModel.swift in Sources */ = {isa = PBXBuildFile; fileRef = 8CB84A8C5CBD6B78C16722D3 /* MachineConfigModel.swift */; };
		E2C83BACF3D16E44C5C01237 /* riscdev_hdfc.c in Sources */ = {isa = PBXBuildFile; fileRef = 4E4D2FA00452AA89020F9F8F /* riscdev_hdfc.c */; };
		E35F4F155CEC631DB7A972F7 /* NewWindowBridge.mm in Sources */ = {isa = PBXBuildFile; fileRef = D769562F5A2AE9B9108E26E9 /* NewWindowBridge.mm */; };
		E670B4B58E9160F351B564A5 /* EmulatorBridge.mm in Sources */ = {isa = PBXBuildFile; fileRef = 4ADCC7EB406835B2DEBC3753 /* EmulatorBridge.mm */; };
		E8A20EE5C52E485CCA030D49 /* EmulationLifecycleUITests.swift in Sources */ = {isa = PBXBuildFile; fileRef = 8FA6FCA002C0F48A2831AB1D /* EmulationLifecycleUITests.swift */; };
		E95A269042A7E1DEDC89841D /* memc.c in Sources */ = {isa = PBXBuildFile; fileRef = 90508E3E943CD7DBFDC67151 /* memc.c */; };
		E9FAA385FDEF5C78EF1D9123 /* g332.c in Sources */ = {isa = PBXBuildFile; fileRef = 532EC6C14C3728E629496D0D /* g332.c */; };
		EABB0BB950B29BDF2FF475F8 /* MainSplitViewController.swift in Sources */ = {isa = PBXBuildFile; fileRef = 06378C935BD5968CD2EA776D /* MainSplitViewController.swift */; };
		EAC0BACD9825BA635B52C4B0 /* ConfigBridge.mm in Sources */ = {isa = PBXBuildFile; fileRef = F71A128B9EC38622D12F62DE /* ConfigBridge.mm */; };
		EFE552CF82699D52828EC6ED /* hostfs-unix.c in Sources */ = {isa = PBXBuildFile; fileRef = D34E14B3BFF26DC5CDC6650E /* hostfs-unix.c */; };
		F20F6426BF0BD4366057A288 /* cp15.c in Sources */ = {isa = PBXBuildFile; fileRef = 36F58A4E36068159ECFB338F /* cp15.c */; };
		F27C4AA606DB02119B7049F3 /* ConfigManagementUITests.swift in Sources */ = {isa = PBXBuildFile; fileRef = 4B94C54A918F25836DB1B30D /* ConfigManagementUITests.swift */; };
		F4D782F9E76B7D9D6BFA5B3C /* joystick_config_macos.mm in Sources */ = {isa = PBXBuildFile; fileRef = A9F329481C833CEFB4FD226E /* joystick_config_macos.mm */; };
		F605ECC75BC6F80CC432831C /* disc_hfe.c in Sources */ = {isa = PBXBuildFile; fileRef = C9D8E14B3E33941A647731D5 /* disc_hfe.c */; };
		F66DDCF30AF87CA6FA408622 /* ConfigEditorTabUITests.swift in Sources */ = {isa = PBXBuildFile; fileRef = 34EF9F533AAAD6E802B8F71A /* ConfigEditorTabUITests.swift */; };
		F7A81F36494A9EC96C75C4A7 /* MachinePresets.swift in Sources */ = {isa = PBXBuildFile; fileRef = 62E2706E6163080CDC1BC6EE /* MachinePresets.swift */; };
		FDB86B4457643F69DA0D0CEA /* app_macos.mm in Sources */ = {isa = PBXBuildFile; fileRef = 9CE8856C9B3AEBE5C7884188 /* app_macos.mm */; };
/* End PBXBuildFile section */

/* Begin PBXContainerItemProxy section */
		8A84272E35300E19C8DBDD12 /* PBXContainerItemProxy */ = {
			isa = PBXContainerItemProxy;
			containerPortal = 18DB4DD8684B3974852EBBA6 /* Project object */;
			proxyType = 1;
			remoteGlobalIDString = 3899262DF938273C8173088C;
			remoteInfo = Arculator;
		};
/* End PBXContainerItemProxy section */

/* Begin PBXFileReference section */
		0064A03797EF072DFC808627 /* cmos.c */ = {isa = PBXFileReference; includeInIndex = 1; name = cmos.c; path = src/cmos.c; sourceTree = "<group>"; };
		009C23401FA9C203994539F9 /* disc_apd.c */ = {isa = PBXFileReference; includeInIndex = 1; name = disc_apd.c; path = src/disc_apd.c; sourceTree = "<group>"; };
		01A5524A77FB4B132CA2B312 /* VideoRendererShutdownTests.m */ = {isa = PBXFileReference; includeInIndex = 1; lastKnownFileType = sourcecode.c.objc; name = VideoRendererShutdownTests.m; path = tests/ArculatorCoreTests/VideoRendererShutdownTests.m; sourceTree = "<group>"; };
		04A039B30B3C809D1735C64E /* core_test_stubs.c */ = {isa = PBXFileReference; includeInIndex = 1; name = core_test_stubs.c; path = tests/ArculatorCoreTests/core_test_stubs.c; sourceTree = "<group>"; };
		06378C935BD5968CD2EA776D /* MainSplitViewController.swift */ = {isa = PBXFileReference; includeInIndex = 1; lastKnownFileType = sourcecode.swift; name = MainSplitViewController.swift; path = src/macos/MainSplitViewController.swift; sourceTree = "<group>"; };
		071E2996689D8CD9BAD641D5 /* podule_config_macos.mm */ = {isa = PBXFileReference; includeInIndex = 1; name = podule_config_macos.mm; path = src/macos/podule_config_macos.mm; sourceTree = "<group>"; };
		09521DDB466A0878A4FD0D03 /* Arculator.app */ = {isa = PBXFileReference; explicitFileType = wrapper.application; includeInIndex = 0; name = Arculator.app; path = Arculator.app; sourceTree = BUILT_PRODUCTS_DIR; };
		0D0A8A5202BA455E5B2C1F77 /* GeneralSettingsView.swift */ = {isa = PBXFileReference; includeInIndex = 1; lastKnownFileType = sourcecode.swift; name = GeneralSettingsView.swift; path = src/macos/GeneralSettingsView.swift; sourceTree = "<group>"; };
		0F3C73A46AB8C6F79F8931BD /* ArcMetalView.h */ = {isa = PBXFileReference; includeInIndex = 1; lastKnownFileType = sourcecode.c.h; name = ArcMetalView.h; path = src/macos/ArcMetalView.h; sourceTree = "<group>"; };
		0FF8AEBEC4020ABD9DF1A5A8 /* ScriptingCommandSupport.mm */ = {isa = PBXFileReference; includeInIndex = 1; name = ScriptingCommandSupport.mm; path = src/macos/ScriptingCommandSupport.mm; sourceTree = "<group>"; };
		15276EFEFB31C3D66F37AD86 /* ToolbarManager.swift */ = {isa = PBXFileReference; includeInIndex = 1; lastKnownFileType = sourcecode.swift; name = ToolbarManager.swift; path = src/macos/ToolbarManager.swift; sourceTree = "<group>"; };
		1B7E8A39B8CF4CB2CF5AC350 /* MutabilityGatingUITests.swift */ = {isa = PBXFileReference; includeInIndex = 1; lastKnownFileType = sourcecode.swift; name = MutabilityGatingUITests.swift; path = tests/ArculatorUITests/MutabilityGatingUITests.swift; sourceTree = "<group>"; };
		1FA15CB29090F683140FC74D /* ArculatorUITests.xctest */ = {isa = PBXFileReference; explicitFileType = wrapper.cfbundle; includeInIndex = 0; path = ArculatorUITests.xctest; sourceTree = BUILT_PRODUCTS_DIR; };
		21CB70DF3E0A7E2F5ED1E53B /* CMOSLoadTests.m */ = {isa = PBXFileReference; includeInIndex = 1; lastKnownFileType = sourcecode.c.objc; name = CMOSLoadTests.m; path = tests/ArculatorCoreTests/CMOSLoadTests.m; sourceTree = "<group>"; };
		26233FD4D87BFC0652987F5E /* arm.c */ = {isa = PBXFileReference; includeInIndex = 1; name = arm.c; path = src/arm.c; sourceTree = "<group>"; };
		278CF91735BC611DB8D5326E /* ArculatorUITestCase.swift */ = {isa = PBXFileReference; includeInIndex = 1; lastKnownFileType = sourcecode.swift; name = ArculatorUITestCase.swift; path = tests/ArculatorUITests/ArculatorUITestCase.swift; sourceTree = "<group>"; };
		28DE632E917F641F0621E7EF /* ide.c */ = {isa = PBXFileReference; includeInIndex = 1; name = ide.c; path = src/ide.c; sourceTree = "<group>"; };
		2938EBA9CA4C9253551E0CD5 /* ide_zidefs.c */ = {isa = PBXFileReference; includeInIndex = 1; name = ide_zidefs.c; path = src/ide_zidefs.c; sourceTree = "<group>"; };
		2E30D3EDE70B44640C279D15 /* NSApplication+Scripting.mm */ = {isa = PBXFileReference; includeInIndex = 1; name = "NSApplication+Scripting.mm"; path = "src/macos/NSApplication+Scripting.mm"; sourceTree = "<group>"; };
		2F512E832E03EC320DCA503C /* DisplaySettingsView.swift */ = {isa = PBXFileReference; includeInIndex = 1; lastKnownFileType = sourcecode.swift; name = DisplaySettingsView.swift; path = src/macos/DisplaySettingsView.swift; sourceTree = "<group>"; };
		2F615A39BBD39CD18B8EA653 /* Cocoa.framework */ = {isa = PBXFileReference; lastKnownFileType = wrapper.framework; name = Cocoa.framework; path = Platforms/MacOSX.platform/Developer/SDKs/MacOSX10.15.sdk/System/Library/Frameworks/Cocoa.framework; sourceTree = DEVELOPER_DIR; };
		30D35754244B2CC7B5CF212A /* KeyboardMappingTests.m */ = {isa = PBXFileReference; includeInIndex = 1; lastKnownFileType = sourcecode.c.objc; name = KeyboardMappingTests.m; path = tests/ArculatorCoreTests/KeyboardMappingTests.m; sourceTree = "<group>"; };
		33256CB42168BD9810D77035 /* InputInjectionBridge.h */ = {isa = PBXFileReference; includeInIndex = 1; lastKnownFileType = sourcecode.c.h; name = InputInjectionBridge.h; path = src/macos/InputInjectionBridge.h; sourceTree = "<group>"; };
		332D36111A5D64C0CE6162AA /* printer.c */ = {isa = PBXFileReference; includeInIndex = 1; name = printer.c; path = src/printer.c; sourceTree = "<group>"; };
		33B48FB6BF31253FB222CC1C /* EmulatorMetalView.swift */ = {isa = PBXFileReference; includeInIndex = 1; lastKnownFileType = sourcecode.swift; name = EmulatorMetalView.swift; path = src/macos/EmulatorMetalView.swift; sourceTree = "<group>"; };
		34EF9F533AAAD6E802B8F71A /* ConfigEditorTabUITests.swift */ = {isa = PBXFileReference; includeInIndex = 1; lastKnownFileType = sourcecode.swift; name = ConfigEditorTabUITests.swift; path = tests/ArculatorUITests/ConfigEditorTabUITests.swift; sourceTree = "<group>"; };
		35AFEC3CD9DB2DABFF8B21FD /* Metal.framework */ = {isa = PBXFileReference; lastKnownFileType = wrapper.framework; name = Metal.framework; path = System/Library/Frameworks/Metal.framework; sourceTree = SDKROOT; };
		36F58A4E36068159ECFB338F /* cp15.c */ = {isa = PBXFileReference; includeInIndex = 1; name = cp15.c; path = src/cp15.c; sourceTree = "<group>"; };
		3E5919F62224C8582EDBF703 /* ConfigEditorBridge.mm */ = {isa = PBXFileReference; includeInIndex = 1; name = ConfigEditorBridge.mm; path = src/macos/ConfigEditorBridge.mm; sourceTree = "<group>"; };
		4056AC0FE55F838FB2C3733F /* AppleScriptCommandTests.mm */ = {isa = PBXFileReference; includeInIndex = 1; name = AppleScriptCommandTests.mm; path = tests/ArculatorCoreTests/AppleScriptCommandTests.mm; sourceTree = "<group>"; };
		415B9375AC23552C0B124CF2 /* SwiftInteropSmoke.swift */ = {isa = PBXFileReference; includeInIndex = 1; lastKnownFileType = sourcecode.swift; name = SwiftInteropSmoke.swift; path = src/macos/SwiftInteropSmoke.swift; sourceTree = "<group>"; };
		41EE312B94C2EC0287EE3526 /* disc_mfm_common.c */ = {isa = PBXFileReference; includeInIndex = 1; name = disc_mfm_common.c; path = src/disc_mfm_common.c; sourceTree = "<group>"; };
		41F902B1EDC23FAAADCBE679 /* keyboard.c */ = {isa = PBXFileReference; includeInIndex = 1; name = keyboard.c; path = src/keyboard.c; sourceTree = "<group>"; };
		466C3F6D25F8CC41F7CA13EC /* ioc.c */ = {isa = PBXFileReference; includeInIndex = 1; name = ioc.c; path = src/ioc.c; sourceTree = "<group>"; };
		47DCB3E71A5AE70DF59535F6 /* Cocoa.framework */ = {isa = PBXFileReference; lastKnownFileType = wrapper.framework; name = Cocoa.framework; path = System/Library/Frameworks/Cocoa.framework; sourceTree = SDKROOT; };
		486D7FE954F9ED9A3291F34D /* input_snapshot.c */ = {isa = PBXFileReference; includeInIndex = 1; name = input_snapshot.c; path = src/input_snapshot.c; sourceTree = "<group>"; };
		48C24FF77B138BEEBEE8CFC9 /* SidebarView.swift */ = {isa = PBXFileReference; includeInIndex = 1; lastKnownFileType = sourcecode.swift; name = SidebarView.swift; path = src/macos/SidebarView.swift; sourceTree = "<group>"; };
		49C887ABAA78806AE1750ABA /* InternalDriveScriptingCommands.mm */ = {isa = PBXFileReference; includeInIndex = 1; name = InternalDriveScriptingCommands.mm; path = src/macos/InternalDriveScriptingCommands.mm; sourceTree = "<group>"; };
		4A26E45FF7FCBD76071D365C /* PlatformPathTests.m */ = {isa = PBXFileReference; includeInIndex = 1; lastKnownFileType = sourcecode.c.objc; name = PlatformPathTests.m; path = tests/ArculatorCoreTests/PlatformPathTests.m; sourceTree = "<group>"; };
		4ABFFF244E4A3A1BE99D1A37 /* platform_paths.c */ = {isa = PBXFileReference; includeInIndex = 1; name = platform_paths.c; path = src/platform_paths.c; sourceTree = "<group>"; };
		4ADCC7EB406835B2DEBC3753 /* EmulatorBridge.mm */ = {isa = PBXFileReference; includeInIndex = 1; name = EmulatorBridge.mm; path = src/macos/EmulatorBridge.mm; sourceTree = "<group>"; };
		4B94C54A918F25836DB1B30D /* ConfigManagementUITests.swift */ = {isa = PBXFileReference; includeInIndex = 1; lastKnownFileType = sourcecode.swift; name = ConfigManagementUITests.swift; path = tests/ArculatorUITests/ConfigManagementUITests.swift; sourceTree = "<group>"; };
		4CC898DC59788AE653C69C6A /* platform_paths.c */ = {isa = PBXFileReference; includeInIndex = 1; name = platform_paths.c; path = src/platform_paths.c; sourceTree = "<group>"; };
		4D71A84E50E19CED60D9CC03 /* QuartzCore.framework */ = {isa = PBXFileReference; lastKnownFileType = wrapper.framework; name = QuartzCore.framework; path = System/Library/Frameworks/QuartzCore.framework; sourceTree = SDKROOT; };
		4E4D2FA00452AA89020F9F8F /* riscdev_hdfc.c */ = {isa = PBXFileReference; includeInIndex = 1; name = riscdev_hdfc.c; path = src/riscdev_hdfc.c; sourceTree = "<group>"; };
		4FA17A3D83DC75DB35326009 /* cmos.c */ = {isa = PBXFileReference; includeInIndex = 1; name = cmos.c; path = src/cmos.c; sourceTree = "<group>"; };
		532B579A786868EE622BE4CF /* LaunchIdleUITests.swift */ = {isa = PBXFileReference; includeInIndex = 1; lastKnownFileType = sourcecode.swift; name = LaunchIdleUITests.swift; path = tests/ArculatorUITests/LaunchIdleUITests.swift; sourceTree = "<group>"; };
		532EC6C14C3728E629496D0D /* g332.c */ = {isa = PBXFileReference; includeInIndex = 1; name = g332.c; path = src/g332.c; sourceTree = "<group>"; };
		542D63A2054D391C556F617C /* sound.c */ = {isa = PBXFileReference; includeInIndex = 1; name = sound.c; path = src/sound.c; sourceTree = "<group>"; };
		55566D9BA1B8C7ABF191EE59 /* MenuToolbarSyncUITests.swift */ = {isa = PBXFileReference; includeInIndex = 1; lastKnownFileType = sourcecode.swift; name = MenuToolbarSyncUITests.swift; path = tests/ArculatorUITests/MenuToolbarSyncUITests.swift; sourceTree = "<group>"; };
		5663DBCA4F2C89E97847B42D /* ScriptingCommandSupport.h */ = {isa = PBXFileReference; includeInIndex = 1; lastKnownFileType = sourcecode.c.h; name = ScriptingCommandSupport.h; path = src/macos/ScriptingCommandSupport.h; sourceTree = "<group>"; };
		569B850BED451E8738DAD04E /* GameController.framework */ = {isa = PBXFileReference; lastKnownFileType = wrapper.framework; name = GameController.framework; path = System/Library/Frameworks/GameController.framework; sourceTree = SDKROOT; };
		574F837A351A8600A645A176 /* 82c711.c */ = {isa = PBXFileReference; includeInIndex = 1; name = 82c711.c; path = src/82c711.c; sourceTree = "<group>"; };
		57BCD4752EB87237F71050F0 /* NewWindowBridge.h */ = {isa = PBXFileReference; includeInIndex = 1; lastKnownFileType = sourcecode.c.h; name = NewWindowBridge.h; path = src/macos/NewWindowBridge.h; sourceTree = "<group>"; };
		584F80D8F80CE1CEF7CE373E /* disc_jfd.c */ = {isa = PBXFileReference; includeInIndex = 1; name = disc_jfd.c; path = src/disc_jfd.c; sourceTree = "<group>"; };
		5BFBEAC7379C3F9D6762DC48 /* HardwareEnumeration.swift */ = {isa = PBXFileReference; includeInIndex = 1; lastKnownFileType = sourcecode.swift; name = HardwareEnumeration.swift; path = src/macos/HardwareEnumeration.swift; sourceTree = "<group>"; };
		60C876403AC0200F48ECB4F3 /* joystick_gc.m */ = {isa = PBXFileReference; includeInIndex = 1; lastKnownFileType = sourcecode.c.objc; name = joystick_gc.m; path = src/macos/joystick_gc.m; sourceTree = "<group>"; };
		62437676D719C9281FAB5648 /* LifecycleScriptingCommands.mm */ = {isa = PBXFileReference; includeInIndex = 1; name = LifecycleScriptingCommands.mm; path = src/macos/LifecycleScriptingCommands.mm; sourceTree = "<group>"; };
		62E2706E6163080CDC1BC6EE /* MachinePresets.swift */ = {isa = PBXFileReference; includeInIndex = 1; lastKnownFileType = sourcecode.swift; name = MachinePresets.swift; path = src/macos/MachinePresets.swift; sourceTree = "<group>"; };
		63644D0D354841A6EE815FF0 /* ArculatorCoreTests.xctest */ = {isa = PBXFileReference; explicitFileType = wrapper.cfbundle; includeInIndex = 0; path = ArculatorCoreTests.xctest; sourceTree = BUILT_PRODUCTS_DIR; };
		668EBC99F4856DEB32A9EFEA /* ide_config.c */ = {isa = PBXFileReference; includeInIndex = 1; name = ide_config.c; path = src/ide_config.c; sourceTree = "<group>"; };
		6C7E2CB29EAB856743AD3800 /* eterna.c */ = {isa = PBXFileReference; includeInIndex = 1; name = eterna.c; path = src/eterna.c; sourceTree = "<group>"; };
		6E535D005C9BFF079D293F87 /* SwiftUI.framework */ = {isa = PBXFileReference; lastKnownFileType = wrapper.framework; name = SwiftUI.framework; path = System/Library/Frameworks/SwiftUI.framework; sourceTree = SDKROOT; };
		70751B4A849EB8F7BA5EB61E /* st506_akd52.c */ = {isa = PBXFileReference; includeInIndex = 1; name = st506_akd52.c; path = src/st506_akd52.c; sourceTree = "<group>"; };
		717CEB05168FDEE1B4023EE7 /* AudioToolbox.framework */ = {isa = PBXFileReference; lastKnownFileType = wrapper.framework; name = AudioToolbox.framework; path = System/Library/Frameworks/AudioToolbox.framework; sourceTree = SDKROOT; };
		7237A5419B5BCF2A93F6B313 /* Info.plist */ = {isa = PBXFileReference; includeInIndex = 1; lastKnownFileType = text.plist.xml; name = Info.plist; path = macos/Info.plist; sourceTree = "<group>"; };
		734241BB390DDEB20D65AFEF /* ConfigListView.swift */ = {isa = PBXFileReference; includeInIndex = 1; lastKnownFileType = sourcecode.swift; name = ConfigListView.swift; path = src/macos/ConfigListView.swift; sourceTree = "<group>"; };
		75574187119BFBFB4D5A88EC /* timer.c */ = {isa = PBXFileReference; includeInIndex = 1; name = timer.c; path = src/timer.c; sourceTree = "<group>"; };
		7AD1C7CB5C74A1993C6CA82D /* DiscSlotView.swift */ = {isa = PBXFileReference; includeInIndex = 1; lastKnownFileType = sourcecode.swift; name = DiscSlotView.swift; path = src/macos/DiscSlotView.swift; sourceTree = "<group>"; };
		7BF5F3680F81E829146EDE6E /* disc.c */ = {isa = PBXFileReference; includeInIndex = 1; name = disc.c; path = src/disc.c; sourceTree = "<group>"; };
		7BFB57CBB312A7F8A63194AC /* EmulatorState.swift */ = {isa = PBXFileReference; includeInIndex = 1; lastKnownFileType = sourcecode.swift; name = EmulatorState.swift; path = src/macos/EmulatorState.swift; sourceTree = "<group>"; };
		7CAC6C93C331FA071E4D558A /* colourcard.c */ = {isa = PBXFileReference; includeInIndex = 1; name = colourcard.c; path = src/colourcard.c; sourceTree = "<group>"; };
		7D0D4F764EF37670AA12213F /* IOKit.framework */ = {isa = PBXFileReference; lastKnownFileType = wrapper.framework; name = IOKit.framework; path = System/Library/Frameworks/IOKit.framework; sourceTree = SDKROOT; };
		7E7660F4064A03D8EE467258 /* bmu.c */ = {isa = PBXFileReference; includeInIndex = 1; name = bmu.c; path = src/bmu.c; sourceTree = "<group>"; };
		7F259E7AF0F55EF1A4FBBEF6 /* MutabilityGating.swift */ = {isa = PBXFileReference; includeInIndex = 1; lastKnownFileType = sourcecode.swift; name = MutabilityGating.swift; path = src/macos/MutabilityGating.swift; sourceTree = "<group>"; };
		81804D05862952FB0AD4EA5A /* disc_adf.c */ = {isa = PBXFileReference; includeInIndex = 1; name = disc_adf.c; path = src/disc_adf.c; sourceTree = "<group>"; };
		84181022E2D6A0381460AF1B /* ide_riscdev.c */ = {isa = PBXFileReference; includeInIndex = 1; name = ide_riscdev.c; path = src/ide_riscdev.c; sourceTree = "<group>"; };
		8849210744464B43E59FBF0E /* hostfs.c */ = {isa = PBXFileReference; includeInIndex = 1; name = hostfs.c; path = src/hostfs.c; sourceTree = "<group>"; };
		8964BC82D1EA81597992B327 /* CoreFoundation.framework */ = {isa = PBXFileReference; lastKnownFileType = wrapper.framework; name = CoreFoundation.framework; path = System/Library/Frameworks/CoreFoundation.framework; sourceTree = SDKROOT; };
		8CB84A8C5CBD6B78C16722D3 /* MachineConfigModel.swift */ = {isa = PBXFileReference; includeInIndex = 1; lastKnownFileType = sourcecode.swift; name = MachineConfigModel.swift; path = src/macos/MachineConfigModel.swift; sourceTree = "<group>"; };
		8E3ED51FE0A99C4E39873532 /* Arculator.sdef */ = {isa = PBXFileReference; includeInIndex = 1; name = Arculator.sdef; path = macos/Arculator.sdef; sourceTree = "<group>"; };
		6F40B00184A17BC4C25E76CC /* templates */ = {isa = PBXFileReference; lastKnownFileType = folder; name = templates; path = macos/templates; sourceTree = "<group>"; };
		8FA6FCA002C0F48A2831AB1D /* EmulationLifecycleUITests.swift */ = {isa = PBXFileReference; includeInIndex = 1; lastKnownFileType = sourcecode.swift; name = EmulationLifecycleUITests.swift; path = tests/ArculatorUITests/EmulationLifecycleUITests.swift; sourceTree = "<group>"; };
		90508E3E943CD7DBFDC67151 /* memc.c */ = {isa = PBXFileReference; includeInIndex = 1; name = memc.c; path = src/memc.c; sourceTree = "<group>"; };
		912430D51E0903CCBA3EC0BE /* st506.c */ = {isa = PBXFileReference; includeInIndex = 1; name = st506.c; path = src/st506.c; sourceTree = "<group>"; };
		93BBDD231F07AAF3D5D879A8 /* config.c */ = {isa = PBXFileReference; includeInIndex = 1; name = config.c; path = src/config.c; sourceTree = "<group>"; };
		98E7A26CBF19484A674744F9 /* podules.c */ = {isa = PBXFileReference; includeInIndex = 1; name = podules.c; path = src/podules.c; sourceTree = "<group>"; };
		9A0798A90A24EC5FC0E0C8E6 /* disc_scp.c */ = {isa = PBXFileReference; includeInIndex = 1; name = disc_scp.c; path = src/disc_scp.c; sourceTree = "<group>"; };
		9B0AC11260A8BF198BB060F8 /* podules-macosx.c */ = {isa = PBXFileReference; includeInIndex = 1; name = "podules-macosx.c"; path = "src/podules-macosx.c"; sourceTree = "<group>"; };
		9CE8856C9B3AEBE5C7884188 /* app_macos.mm */ = {isa = PBXFileReference; includeInIndex = 1; name = app_macos.mm; path = src/macos/app_macos.mm; sourceTree = "<group>"; };
		9DBBE69390CB415E543266EC /* ddnoise.c */ = {isa = PBXFileReference; includeInIndex = 1; name = ddnoise.c; path = src/ddnoise.c; sourceTree = "<group>"; };
		9EAAF86BD2C77AAE53DBF826 /* ioeb.c */ = {isa = PBXFileReference; includeInIndex = 1; name = ioeb.c; path = src/ioeb.c; sourceTree = "<group>"; };
		A278397D3D8BEB8FEFE987C1 /* MachinePresetBridge.mm */ = {isa = PBXFileReference; includeInIndex = 1; name = MachinePresetBridge.mm; path = src/macos/MachinePresetBridge.mm; sourceTree = "<group>"; };
		A291CEADFE17FFFD54976691 /* ide_zidefs_a3k.c */ = {isa = PBXFileReference; includeInIndex = 1; name = ide_zidefs_a3k.c; path = src/ide_zidefs_a3k.c; sourceTree = "<group>"; };
		A2954FAC776B07873AC052AB /* ConfigEditorBridge.h */ = {isa = PBXFileReference; includeInIndex = 1; lastKnownFileType = sourcecode.c.h; name = ConfigEditorBridge.h; path = src/macos/ConfigEditorBridge.h; sourceTree = "<group>"; };
		A9624C806D3F62EF1CC06E9E /* fpa.c */ = {isa = PBXFileReference; includeInIndex = 1; name = fpa.c; path = src/fpa.c; sourceTree = "<group>"; };
		A9F329481C833CEFB4FD226E /* joystick_config_macos.mm */ = {isa = PBXFileReference; includeInIndex = 1; name = joystick_config_macos.mm; path = src/macos/joystick_config_macos.mm; sourceTree = "<group>"; };
		AA9C3574E7402D2214461C96 /* ConfigLoadTests.m */ = {isa = PBXFileReference; includeInIndex = 1; lastKnownFileType = sourcecode.c.objc; name = ConfigLoadTests.m; path = tests/ArculatorCoreTests/ConfigLoadTests.m; sourceTree = "<group>"; };
		AE37121FBF93B5AEE276B71D /* CoreAudio.framework */ = {isa = PBXFileReference; lastKnownFileType = wrapper.framework; name = CoreAudio.framework; path = System/Library/Frameworks/CoreAudio.framework; sourceTree = SDKROOT; };
		AF69EF1A91CCD432895CF019 /* mem.c */ = {isa = PBXFileReference; includeInIndex = 1; name = mem.c; path = src/mem.c; sourceTree = "<group>"; };
		B1458EE7DE6D315134BDB96A /* debugger.c */ = {isa = PBXFileReference; includeInIndex = 1; name = debugger.c; path = src/debugger.c; sourceTree = "<group>"; };
		B41366257567EF0F4F0270D2 /* InputScriptingCommands.mm */ = {isa = PBXFileReference; includeInIndex = 1; name = InputScriptingCommands.mm; path = src/macos/InputScriptingCommands.mm; sourceTree = "<group>"; };
		B52E0D3239F3279F50C022D1 /* hd_macos.mm */ = {isa = PBXFileReference; includeInIndex = 1; name = hd_macos.mm; path = src/macos/hd_macos.mm; sourceTree = "<group>"; };
		B652F221553A44DE2038311B /* timer.c */ = {isa = PBXFileReference; includeInIndex = 1; name = timer.c; path = src/timer.c; sourceTree = "<group>"; };
		BD923A83AF9247C4C6E9C5C1 /* AutomationScriptingCommands.mm */ = {isa = PBXFileReference; includeInIndex = 1; name = AutomationScriptingCommands.mm; path = src/macos/AutomationScriptingCommands.mm; sourceTree = "<group>"; };
		BF73620CC2FC3DE6D9A15462 /* video_metal.m */ = {isa = PBXFileReference; includeInIndex = 1; lastKnownFileType = sourcecode.c.objc; name = video_metal.m; path = src/macos/video_metal.m; sourceTree = "<group>"; };
		C56F9662527AFBDF1C8C8350 /* input_macos.m */ = {isa = PBXFileReference; includeInIndex = 1; lastKnownFileType = sourcecode.c.objc; name = input_macos.m; path = src/macos/input_macos.m; sourceTree = "<group>"; };
		C5B2EE65F699D1F62784FC18 /* Shaders.metal */ = {isa = PBXFileReference; includeInIndex = 1; name = Shaders.metal; path = src/macos/Shaders.metal; sourceTree = "<group>"; };
		C65306C934FC8AE09C26B231 /* MetalKit.framework */ = {isa = PBXFileReference; lastKnownFileType = wrapper.framework; name = MetalKit.framework; path = System/Library/Frameworks/MetalKit.framework; sourceTree = SDKROOT; };
		C9D25C28CD58489881DA1EDA /* PeripheralsSettingsView.swift */ = {isa = PBXFileReference; includeInIndex = 1; lastKnownFileType = sourcecode.swift; name = PeripheralsSettingsView.swift; path = src/macos/PeripheralsSettingsView.swift; sourceTree = "<group>"; };
		C9D8E14B3E33941A647731D5 /* disc_hfe.c */ = {isa = PBXFileReference; includeInIndex = 1; name = disc_hfe.c; path = src/disc_hfe.c; sourceTree = "<group>"; };
		D0D019A95BE3B62F320C5539 /* config.c */ = {isa = PBXFileReference; includeInIndex = 1; name = config.c; path = src/config.c; sourceTree = "<group>"; };
		D0FB46C91F08E186E31B91B1 /* DiscSlotUITests.swift */ = {isa = PBXFileReference; includeInIndex = 1; lastKnownFileType = sourcecode.swift; name = DiscSlotUITests.swift; path = tests/ArculatorUITests/DiscSlotUITests.swift; sourceTree = "<group>"; };
		D1475D1F88D1AEC61115B220 /* PreselectedConfigUITests.swift */ = {isa = PBXFileReference; includeInIndex = 1; lastKnownFileType = sourcecode.swift; name = PreselectedConfigUITests.swift; path = tests/ArculatorUITests/PreselectedConfigUITests.swift; sourceTree = "<group>"; };
		D2019FAB30AC0CBC62489EF0 /* ConfigEditorView.swift */ = {isa = PBXFileReference; includeInIndex = 1; lastKnownFileType = sourcecode.swift; name = ConfigEditorView.swift; path = src/macos/ConfigEditorView.swift; sourceTree = "<group>"; };
		D34E14B3BFF26DC5CDC6650E /* hostfs-unix.c */ = {isa = PBXFileReference; includeInIndex = 1; name = "hostfs-unix.c"; path = "src/hostfs-unix.c"; sourceTree = "<group>"; };
		D4C3E41B59044C132EC2F05C /* disc_fdi.c */ = {isa = PBXFileReference; includeInIndex = 1; name = disc_fdi.c; path = src/disc_fdi.c; sourceTree = "<group>"; };
		D7155703E8F6824CD15EAF6C /* RunningControlsView.swift */ = {isa = PBXFileReference; includeInIndex = 1; lastKnownFileType = sourcecode.swift; name = RunningControlsView.swift; path = src/macos/RunningControlsView.swift; sourceTree = "<group>"; };
		D769562F5A2AE9B9108E26E9 /* NewWindowBridge.mm */ = {isa = PBXFileReference; includeInIndex = 1; name = NewWindowBridge.mm; path = src/macos/NewWindowBridge.mm; sourceTree = "<group>"; };
		D825437C190C79A4254C911D /* console_macos.mm */ = {isa = PBXFileReference; includeInIndex = 1; name = console_macos.mm; path = src/macos/console_macos.mm; sourceTree = "<group>"; };
		DA54E2BC8A922FB8D1F4E910 /* wd1770.c */ = {isa = PBXFileReference; includeInIndex = 1; name = wd1770.c; path = src/wd1770.c; sourceTree = "<group>"; };
		DD77D1649D9856799439F61D /* SidebarHostingController.swift */ = {isa = PBXFileReference; includeInIndex = 1; lastKnownFileType = sourcecode.swift; name = SidebarHostingController.swift; path = src/macos/SidebarHostingController.swift; sourceTree = "<group>"; };
		DF830A2BE4A6D7889CC14CBB /* ConfigScriptingCommands.mm */ = {isa = PBXFileReference; includeInIndex = 1; name = ConfigScriptingCommands.mm; path = src/macos/ConfigScriptingCommands.mm; sourceTree = "<group>"; };
		E1063912FAD12EFB232B3E0D /* ContentHostingController.swift */ = {isa = PBXFileReference; includeInIndex = 1; lastKnownFileType = sourcecode.swift; name = ContentHostingController.swift; path = src/macos/ContentHostingController.swift; sourceTree = "<group>"; };
		E1E76812538AC72CC6FE0E98 /* InputInjectionBridge.mm */ = {isa = PBXFileReference; includeInIndex = 1; name = InputInjectionBridge.mm; path = src/macos/InputInjectionBridge.mm; sourceTree = "<group>"; };
		E23110BF73D347410A478B1D /* 82c711_fdc.c */ = {isa = PBXFileReference; includeInIndex = 1; name = 82c711_fdc.c; path = src/82c711_fdc.c; sourceTree = "<group>"; };
		E2A8883AFAC51BD9B9FB2432 /* ConfigListModel.swift */ = {isa = PBXFileReference; includeInIndex = 1; lastKnownFileType = sourcecode.swift; name = ConfigListModel.swift; path = src/macos/ConfigListModel.swift; sourceTree = "<group>"; };
		E2C8C1AED3BF8BF2C035E178 /* romload.c */ = {isa = PBXFileReference; includeInIndex = 1; name = romload.c; path = src/romload.c; sourceTree = "<group>"; };
		E3E1FF53A761770C3630386E /* Assets.xcassets */ = {isa = PBXFileReference; includeInIndex = 1; lastKnownFileType = folder.assetcatalog; name = Assets.xcassets; path = macos/Assets.xcassets; sourceTree = "<group>"; };
		E65DC46B9941397B30EC4779 /* ds2401.c */ = {isa = PBXFileReference; includeInIndex = 1; name = ds2401.c; path = src/ds2401.c; sourceTree = "<group>"; };
		E926455B12D2F02334BED01F /* emulation_control.c */ = {isa = PBXFileReference; includeInIndex = 1; name = emulation_control.c; path = src/emulation_control.c; sourceTree = "<group>"; };
		EA9B64B053868B0579036F7E /* Carbon.framework */ = {isa = PBXFileReference; lastKnownFileType = wrapper.framework; name = Carbon.framework; path = System/Library/Frameworks/Carbon.framework; sourceTree = SDKROOT; };
		EC75EA6F15FADB57E5B5BB36 /* StorageSettingsView.swift */ = {isa = PBXFileReference; includeInIndex = 1; lastKnownFileType = sourcecode.swift; name = StorageSettingsView.swift; path = src/macos/StorageSettingsView.swift; sourceTree = "<group>"; };
		ECDDD30AFB9054BB335B81AF /* debugger_swis.c */ = {isa = PBXFileReference; includeInIndex = 1; name = debugger_swis.c; path = src/debugger_swis.c; sourceTree = "<group>"; };
		F098E1B34D44BDEC92213963 /* lc.c */ = {isa = PBXFileReference; includeInIndex = 1; name = lc.c; path = src/lc.c; sourceTree = "<group>"; };
		F13B80FB37F3F6B558FEA27B /* joystick.c */ = {isa = PBXFileReference; includeInIndex = 1; name = joystick.c; path = src/joystick.c; sourceTree = "<group>"; };
		F1D9C4631EE29316650F0401 /* OpenGL.framework */ = {isa = PBXFileReference; lastKnownFileType = wrapper.framework; name = OpenGL.framework; path = System/Library/Frameworks/OpenGL.framework; sourceTree = SDKROOT; };
		F483E6845BBA2AB6FA4E78A0 /* ide_a3in.c */ = {isa = PBXFileReference; includeInIndex = 1; name = ide_a3in.c; path = src/ide_a3in.c; sourceTree = "<group>"; };
		F55CCB561FAEBD117EFD4649 /* fdi2raw.c */ = {isa = PBXFileReference; includeInIndex = 1; name = fdi2raw.c; path = src/fdi2raw.c; sourceTree = "<group>"; };
		F71A128B9EC38622D12F62DE /* ConfigBridge.mm */ = {isa = PBXFileReference; includeInIndex = 1; name = ConfigBridge.mm; path = src/macos/ConfigBridge.mm; sourceTree = "<group>"; };
		F7BF80B2CC0C361885BFE493 /* ide_idea.c */ = {isa = PBXFileReference; includeInIndex = 1; name = ide_idea.c; path = src/ide_idea.c; sourceTree = "<group>"; };
		F92DB5BD0B8A9B5C0406C68A /* g16.c */ = {isa = PBXFileReference; includeInIndex = 1; name = g16.c; path = src/g16.c; sourceTree = "<group>"; };
		FA730CE8DB404D4662B64EBB /* vidc.c */ = {isa = PBXFileReference; includeInIndex = 1; name = vidc.c; path = src/vidc.c; sourceTree = "<group>"; };
		FB085EF773BC06E09495B893 /* sound_coreaudio.m */ = {isa = PBXFileReference; includeInIndex = 1; lastKnownFileType = sourcecode.c.objc; name = sound_coreaudio.m; path = src/macos/sound_coreaudio.m; sourceTree = "<group>"; };
		FB5731716F7E3CEE78D416CF /* main.c */ = {isa = PBXFileReference; includeInIndex = 1; name = main.c; path = src/main.c; sourceTree = "<group>"; };
/* End PBXFileReference section */

/* Begin PBXFrameworksBuildPhase section */
		528D86FA91C811B4E7A2DDC3 /* Frameworks */ = {
			isa = PBXFrameworksBuildPhase;
			buildActionMask = 2147483647;
			files = (
				37E8D30A725EEB6642FE9703 /* Cocoa.framework in Frameworks */,
				228751748021F3AB9DF291FB /* AudioToolbox.framework in Frameworks */,
				874C804F6E3815598295B887 /* Carbon.framework in Frameworks */,
				8F8846DA43C5B3E39CE2E986 /* Cocoa.framework in Frameworks */,
				8DB509B1E68B236449F0BCE0 /* CoreAudio.framework in Frameworks */,
				9BCAC4093B1B529992A0B275 /* GameController.framework in Frameworks */,
				57D8A71F7BCE2982ED6442EE /* IOKit.framework in Frameworks */,
				B9B4DA823A614DB63E6DA14D /* Metal.framework in Frameworks */,
				7DC01468B7BD059B75BF6CDD /* MetalKit.framework in Frameworks */,
				C049031766F42C0571D6DBFB /* OpenGL.framework in Frameworks */,
				586FE209E32D5B1669D3151A /* QuartzCore.framework in Frameworks */,
				A39CEE83C7869828B5CD5963 /* SwiftUI.framework in Frameworks */,
			);
			runOnlyForDeploymentPostprocessing = 0;
		};
		96B3709960C0E18B05FF82C0 /* Frameworks */ = {
			isa = PBXFrameworksBuildPhase;
			buildActionMask = 2147483647;
			files = (
				D8ED74F4AD6C55AEE8781423 /* Cocoa.framework in Frameworks */,
			);
			runOnlyForDeploymentPostprocessing = 0;
		};
		A0DA3ED18A3AF533AB7C7907 /* Frameworks */ = {
			isa = PBXFrameworksBuildPhase;
			buildActionMask = 2147483647;
			files = (
				937AC6C6C897E709B9819097 /* Cocoa.framework in Frameworks */,
				61227E710FD1B1534B9090F2 /* CoreFoundation.framework in Frameworks */,
			);
			runOnlyForDeploymentPostprocessing = 0;
		};
/* End PBXFrameworksBuildPhase section */

/* Begin PBXGroup section */
		16F3E9284DC917F65CDAB8D8 /* OS X */ = {
			isa = PBXGroup;
			children = (
				2F615A39BBD39CD18B8EA653 /* Cocoa.framework */,
			);
			name = "OS X";
			sourceTree = "<group>";
		};
		3233077CC63AF6A1348941DF /* ArculatorUITests */ = {
			isa = PBXGroup;
			children = (
				278CF91735BC611DB8D5326E /* ArculatorUITestCase.swift */,
				34EF9F533AAAD6E802B8F71A /* ConfigEditorTabUITests.swift */,
				4B94C54A918F25836DB1B30D /* ConfigManagementUITests.swift */,
				D0FB46C91F08E186E31B91B1 /* DiscSlotUITests.swift */,
				8FA6FCA002C0F48A2831AB1D /* EmulationLifecycleUITests.swift */,
				532B579A786868EE622BE4CF /* LaunchIdleUITests.swift */,
				55566D9BA1B8C7ABF191EE59 /* MenuToolbarSyncUITests.swift */,
				1B7E8A39B8CF4CB2CF5AC350 /* MutabilityGatingUITests.swift */,
				D1475D1F88D1AEC61115B220 /* PreselectedConfigUITests.swift */,
			);
			name = ArculatorUITests;
			sourceTree = "<group>";
		};
		3DA6BAE693BBC45D498F817E /* macos */ = {
			isa = PBXGroup;
			children = (
				7237A5419B5BCF2A93F6B313 /* Info.plist */,
				E3E1FF53A761770C3630386E /* Assets.xcassets */,
				8E3ED51FE0A99C4E39873532 /* Arculator.sdef */,
				6F40B00184A17BC4C25E76CC /* templates */,
			);
			name = macos;
			sourceTree = "<group>";
		};
		44AA52515881851AA238587D /* macos */ = {
			isa = PBXGroup;
			children = (
				C5B2EE65F699D1F62784FC18 /* Shaders.metal */,
				0F3C73A46AB8C6F79F8931BD /* ArcMetalView.h */,
				57BCD4752EB87237F71050F0 /* NewWindowBridge.h */,
				A2954FAC776B07873AC052AB /* ConfigEditorBridge.h */,
				5663DBCA4F2C89E97847B42D /* ScriptingCommandSupport.h */,
				33256CB42168BD9810D77035 /* InputInjectionBridge.h */,
				C56F9662527AFBDF1C8C8350 /* input_macos.m */,
				9CE8856C9B3AEBE5C7884188 /* app_macos.mm */,
				BF73620CC2FC3DE6D9A15462 /* video_metal.m */,
				D825437C190C79A4254C911D /* console_macos.mm */,
				B52E0D3239F3279F50C022D1 /* hd_macos.mm */,
				A9F329481C833CEFB4FD226E /* joystick_config_macos.mm */,
				071E2996689D8CD9BAD641D5 /* podule_config_macos.mm */,
				60C876403AC0200F48ECB4F3 /* joystick_gc.m */,
				FB085EF773BC06E09495B893 /* sound_coreaudio.m */,
				4ADCC7EB406835B2DEBC3753 /* EmulatorBridge.mm */,
				F71A128B9EC38622D12F62DE /* ConfigBridge.mm */,
				A278397D3D8BEB8FEFE987C1 /* MachinePresetBridge.mm */,
				415B9375AC23552C0B124CF2 /* SwiftInteropSmoke.swift */,
				62E2706E6163080CDC1BC6EE /* MachinePresets.swift */,
				8CB84A8C5CBD6B78C16722D3 /* MachineConfigModel.swift */,
				E2A8883AFAC51BD9B9FB2432 /* ConfigListModel.swift */,
				7BFB57CBB312A7F8A63194AC /* EmulatorState.swift */,
				33B48FB6BF31253FB222CC1C /* EmulatorMetalView.swift */,
				06378C935BD5968CD2EA776D /* MainSplitViewController.swift */,
				DD77D1649D9856799439F61D /* SidebarHostingController.swift */,
				E1063912FAD12EFB232B3E0D /* ContentHostingController.swift */,
				15276EFEFB31C3D66F37AD86 /* ToolbarManager.swift */,
				D769562F5A2AE9B9108E26E9 /* NewWindowBridge.mm */,
				3E5919F62224C8582EDBF703 /* ConfigEditorBridge.mm */,
				5BFBEAC7379C3F9D6762DC48 /* HardwareEnumeration.swift */,
				7F259E7AF0F55EF1A4FBBEF6 /* MutabilityGating.swift */,
				D2019FAB30AC0CBC62489EF0 /* ConfigEditorView.swift */,
				0D0A8A5202BA455E5B2C1F77 /* GeneralSettingsView.swift */,
				EC75EA6F15FADB57E5B5BB36 /* StorageSettingsView.swift */,
				C9D25C28CD58489881DA1EDA /* PeripheralsSettingsView.swift */,
				2F512E832E03EC320DCA503C /* DisplaySettingsView.swift */,
				48C24FF77B138BEEBEE8CFC9 /* SidebarView.swift */,
				734241BB390DDEB20D65AFEF /* ConfigListView.swift */,
				D7155703E8F6824CD15EAF6C /* RunningControlsView.swift */,
				7AD1C7CB5C74A1993C6CA82D /* DiscSlotView.swift */,
				0FF8AEBEC4020ABD9DF1A5A8 /* ScriptingCommandSupport.mm */,
				62437676D719C9281FAB5648 /* LifecycleScriptingCommands.mm */,
				DF830A2BE4A6D7889CC14CBB /* ConfigScriptingCommands.mm */,
				B41366257567EF0F4F0270D2 /* InputScriptingCommands.mm */,
				2E30D3EDE70B44640C279D15 /* NSApplication+Scripting.mm */,
				E1E76812538AC72CC6FE0E98 /* InputInjectionBridge.mm */,
				49C887ABAA78806AE1750ABA /* InternalDriveScriptingCommands.mm */,
				BD923A83AF9247C4C6E9C5C1 /* AutomationScriptingCommands.mm */,
			);
			name = macos;
			sourceTree = "<group>";
		};
		49A38138FEDBD8FF027CFD38 /* Products */ = {
			isa = PBXGroup;
			children = (
				09521DDB466A0878A4FD0D03 /* Arculator.app */,
				1FA15CB29090F683140FC74D /* ArculatorUITests.xctest */,
				63644D0D354841A6EE815FF0 /* ArculatorCoreTests.xctest */,
			);
			name = Products;
			sourceTree = "<group>";
		};
		4CDDD581B0871424F34C1DB3 = {
			isa = PBXGroup;
			children = (
				49A38138FEDBD8FF027CFD38 /* Products */,
				76A0F4FFA9F67D7FCC0EE638 /* Frameworks */,
				CD197B97361EFD91E6CFA2ED /* src */,
				3DA6BAE693BBC45D498F817E /* macos */,
				F4922027088ABE7506D6BB7C /* tests */,
			);
			sourceTree = "<group>";
		};
		76A0F4FFA9F67D7FCC0EE638 /* Frameworks */ = {
			isa = PBXGroup;
			children = (
				16F3E9284DC917F65CDAB8D8 /* OS X */,
				717CEB05168FDEE1B4023EE7 /* AudioToolbox.framework */,
				EA9B64B053868B0579036F7E /* Carbon.framework */,
				47DCB3E71A5AE70DF59535F6 /* Cocoa.framework */,
				AE37121FBF93B5AEE276B71D /* CoreAudio.framework */,
				569B850BED451E8738DAD04E /* GameController.framework */,
				7D0D4F764EF37670AA12213F /* IOKit.framework */,
				35AFEC3CD9DB2DABFF8B21FD /* Metal.framework */,
				C65306C934FC8AE09C26B231 /* MetalKit.framework */,
				F1D9C4631EE29316650F0401 /* OpenGL.framework */,
				4D71A84E50E19CED60D9CC03 /* QuartzCore.framework */,
				6E535D005C9BFF079D293F87 /* SwiftUI.framework */,
				8964BC82D1EA81597992B327 /* CoreFoundation.framework */,
			);
			name = Frameworks;
			sourceTree = "<group>";
		};
		901DFCD8AF679C33882B79D7 /* ArculatorCoreTests */ = {
			isa = PBXGroup;
			children = (
				04A039B30B3C809D1735C64E /* core_test_stubs.c */,
				4056AC0FE55F838FB2C3733F /* AppleScriptCommandTests.mm */,
				21CB70DF3E0A7E2F5ED1E53B /* CMOSLoadTests.m */,
				AA9C3574E7402D2214461C96 /* ConfigLoadTests.m */,
				30D35754244B2CC7B5CF212A /* KeyboardMappingTests.m */,
				4A26E45FF7FCBD76071D365C /* PlatformPathTests.m */,
				01A5524A77FB4B132CA2B312 /* VideoRendererShutdownTests.m */,
			);
			name = ArculatorCoreTests;
			sourceTree = "<group>";
		};
		CD197B97361EFD91E6CFA2ED /* src */ = {
			isa = PBXGroup;
			children = (
				44AA52515881851AA238587D /* macos */,
				574F837A351A8600A645A176 /* 82c711.c */,
				E23110BF73D347410A478B1D /* 82c711_fdc.c */,
				26233FD4D87BFC0652987F5E /* arm.c */,
				7E7660F4064A03D8EE467258 /* bmu.c */,
				4FA17A3D83DC75DB35326009 /* cmos.c */,
				7CAC6C93C331FA071E4D558A /* colourcard.c */,
				93BBDD231F07AAF3D5D879A8 /* config.c */,
				36F58A4E36068159ECFB338F /* cp15.c */,
				9DBBE69390CB415E543266EC /* ddnoise.c */,
				B1458EE7DE6D315134BDB96A /* debugger.c */,
				ECDDD30AFB9054BB335B81AF /* debugger_swis.c */,
				7BF5F3680F81E829146EDE6E /* disc.c */,
				81804D05862952FB0AD4EA5A /* disc_adf.c */,
				009C23401FA9C203994539F9 /* disc_apd.c */,
				D4C3E41B59044C132EC2F05C /* disc_fdi.c */,
				C9D8E14B3E33941A647731D5 /* disc_hfe.c */,
				584F80D8F80CE1CEF7CE373E /* disc_jfd.c */,
				41EE312B94C2EC0287EE3526 /* disc_mfm_common.c */,
				9A0798A90A24EC5FC0E0C8E6 /* disc_scp.c */,
				E65DC46B9941397B30EC4779 /* ds2401.c */,
				E926455B12D2F02334BED01F /* emulation_control.c */,
				6C7E2CB29EAB856743AD3800 /* eterna.c */,
				F55CCB561FAEBD117EFD4649 /* fdi2raw.c */,
				A9624C806D3F62EF1CC06E9E /* fpa.c */,
				F92DB5BD0B8A9B5C0406C68A /* g16.c */,
				532EC6C14C3728E629496D0D /* g332.c */,
				8849210744464B43E59FBF0E /* hostfs.c */,
				D34E14B3BFF26DC5CDC6650E /* hostfs-unix.c */,
				28DE632E917F641F0621E7EF /* ide.c */,
				F483E6845BBA2AB6FA4E78A0 /* ide_a3in.c */,
				668EBC99F4856DEB32A9EFEA /* ide_config.c */,
				F7BF80B2CC0C361885BFE493 /* ide_idea.c */,
				84181022E2D6A0381460AF1B /* ide_riscdev.c */,
				2938EBA9CA4C9253551E0CD5 /* ide_zidefs.c */,
				A291CEADFE17FFFD54976691 /* ide_zidefs_a3k.c */,
				486D7FE954F9ED9A3291F34D /* input_snapshot.c */,
				466C3F6D25F8CC41F7CA13EC /* ioc.c */,
				9EAAF86BD2C77AAE53DBF826 /* ioeb.c */,
				F13B80FB37F3F6B558FEA27B /* joystick.c */,
				41F902B1EDC23FAAADCBE679 /* keyboard.c */,
				F098E1B34D44BDEC92213963 /* lc.c */,
				FB5731716F7E3CEE78D416CF /* main.c */,
				AF69EF1A91CCD432895CF019 /* mem.c */,
				90508E3E943CD7DBFDC67151 /* memc.c */,
				9B0AC11260A8BF198BB060F8 /* podules-macosx.c */,
				4CC898DC59788AE653C69C6A /* platform_paths.c */,
				98E7A26CBF19484A674744F9 /* podules.c */,
				332D36111A5D64C0CE6162AA /* printer.c */,
				4E4D2FA00452AA89020F9F8F /* riscdev_hdfc.c */,
				E2C8C1AED3BF8BF2C035E178 /* romload.c */,
				542D63A2054D391C556F617C /* sound.c */,
				912430D51E0903CCBA3EC0BE /* st506.c */,
				70751B4A849EB8F7BA5EB61E /* st506_akd52.c */,
				75574187119BFBFB4D5A88EC /* timer.c */,
				FA730CE8DB404D4662B64EBB /* vidc.c */,
				DA54E2BC8A922FB8D1F4E910 /* wd1770.c */,
				D0D019A95BE3B62F320C5539 /* config.c */,
				0064A03797EF072DFC808627 /* cmos.c */,
				4ABFFF244E4A3A1BE99D1A37 /* platform_paths.c */,
				B652F221553A44DE2038311B /* timer.c */,
			);
			name = src;
			sourceTree = "<group>";
		};
		F4922027088ABE7506D6BB7C /* tests */ = {
			isa = PBXGroup;
			children = (
				3233077CC63AF6A1348941DF /* ArculatorUITests */,
				901DFCD8AF679C33882B79D7 /* ArculatorCoreTests */,
			);
			name = tests;
			sourceTree = "<group>";
		};
/* End PBXGroup section */

/* Begin PBXNativeTarget section */
		26B6F7B13E85D2F198206897 /* ArculatorUITests */ = {
			isa = PBXNativeTarget;
			buildConfigurationList = 51431F76D9B60289F7E989FF /* Build configuration list for PBXNativeTarget "ArculatorUITests" */;
			buildPhases = (
				6EBF92782C017612DB590570 /* Sources */,
				96B3709960C0E18B05FF82C0 /* Frameworks */,
				8D2853052C08D99D0D2583E1 /* Resources */,
			);
			buildRules = (
			);
			dependencies = (
				4EDC4793FC6113D07B57D70A /* PBXTargetDependency */,
			);
			name = ArculatorUITests;
			productName = ArculatorUITests;
			productReference = 1FA15CB29090F683140FC74D /* ArculatorUITests.xctest */;
			productType = "com.apple.product-type.bundle.ui-testing";
		};
		3899262DF938273C8173088C /* Arculator */ = {
			isa = PBXNativeTarget;
			buildConfigurationList = 193283FCAF0B5754869E9CBE /* Build configuration list for PBXNativeTarget "Arculator" */;
			buildPhases = (
				3625D37797DF8E739C9B3D09 /* Sources */,
				528D86FA91C811B4E7A2DDC3 /* Frameworks */,
				A454BD4C433ED4723D3BF9CD /* Resources */,
				5AE359278D00E58AEEB44408 /* Stage Legacy Runtime */,
				1F627A05EC7C71D20C2B0667 /* Compile Metal Bootstrap Shader */,
			);
			buildRules = (
			);
			dependencies = (
			);
			name = Arculator;
			productName = Arculator;
			productReference = 09521DDB466A0878A4FD0D03 /* Arculator.app */;
			productType = "com.apple.product-type.application";
		};
		CD7B4A2F27860F4DD3A913B5 /* ArculatorCoreTests */ = {
			isa = PBXNativeTarget;
			buildConfigurationList = 951D68F7D7BEB38E86682423 /* Build configuration list for PBXNativeTarget "ArculatorCoreTests" */;
			buildPhases = (
				F53318882B723A0F7A3476A1 /* Sources */,
				A0DA3ED18A3AF533AB7C7907 /* Frameworks */,
				A30ABA6F0FC029A8444A0F02 /* Resources */,
				9A7D578977CCD914F4523635 /* Copy Test Fixtures */,
			);
			buildRules = (
			);
			dependencies = (
			);
			name = ArculatorCoreTests;
			productName = ArculatorCoreTests;
			productReference = 63644D0D354841A6EE815FF0 /* ArculatorCoreTests.xctest */;
			productType = "com.apple.product-type.bundle.unit-test";
		};
/* End PBXNativeTarget section */

/* Begin PBXProject section */
		18DB4DD8684B3974852EBBA6 /* Project object */ = {
			isa = PBXProject;
			attributes = {
				BuildIndependentTargetsInParallel = 1;
				LastSwiftUpdateCheck = 1240;
				LastUpgradeCheck = 2600;
			};
			buildConfigurationList = 19A3E2AE7E85A62222BA3E5A /* Build configuration list for PBXProject "Arculator" */;
			compatibilityVersion = "Xcode 3.2";
			developmentRegion = en;
			hasScannedForEncodings = 0;
			knownRegions = (
				en,
				Base,
			);
			mainGroup = 4CDDD581B0871424F34C1DB3;
			productRefGroup = 49A38138FEDBD8FF027CFD38 /* Products */;
			projectDirPath = "";
			projectRoot = "";
			targets = (
				3899262DF938273C8173088C /* Arculator */,
				26B6F7B13E85D2F198206897 /* ArculatorUITests */,
				CD7B4A2F27860F4DD3A913B5 /* ArculatorCoreTests */,
			);
		};
/* End PBXProject section */

/* Begin PBXResourcesBuildPhase section */
		8D2853052C08D99D0D2583E1 /* Resources */ = {
			isa = PBXResourcesBuildPhase;
			buildActionMask = 2147483647;
			files = (
			);
			runOnlyForDeploymentPostprocessing = 0;
		};
		A30ABA6F0FC029A8444A0F02 /* Resources */ = {
			isa = PBXResourcesBuildPhase;
			buildActionMask = 2147483647;
			files = (
			);
			runOnlyForDeploymentPostprocessing = 0;
		};
		A454BD4C433ED4723D3BF9CD /* Resources */ = {
			isa = PBXResourcesBuildPhase;
			buildActionMask = 2147483647;
			files = (
				6F2D467A84A17BC4C25E76CC /* Assets.xcassets in Resources */,
				9251D741B86BAD0150785A81 /* Arculator.sdef in Resources */,
				6F40B00084A17BC4C25E76CC /* templates in Resources */,
			);
			runOnlyForDeploymentPostprocessing = 0;
		};
/* End PBXResourcesBuildPhase section */

/* Begin PBXShellScriptBuildPhase section */
		1F627A05EC7C71D20C2B0667 /* Compile Metal Bootstrap Shader */ = {
			isa = PBXShellScriptBuildPhase;
			buildActionMask = 2147483647;
			files = (
			);
			inputFileListPaths = (
			);
			inputPaths = (
				"$(SRCROOT)/src/macos/Shaders.metal",
			);
			name = "Compile Metal Bootstrap Shader";
			outputFileListPaths = (
			);
			outputPaths = (
				"$(TARGET_BUILD_DIR)/$(UNLOCALIZED_RESOURCES_FOLDER_PATH)/ArculatorBootstrap.metallib",
			);
			runOnlyForDeploymentPostprocessing = 0;
			shellPath = /bin/sh;
			shellScript = "set -euo pipefail\nshader_src=\"$SRCROOT/src/macos/Shaders.metal\"\nair_output=\"$TARGET_TEMP_DIR/ArculatorBootstrap.air\"\nmetallib_output=\"$TARGET_BUILD_DIR/$UNLOCALIZED_RESOURCES_FOLDER_PATH/ArculatorBootstrap.metallib\"\n\nmkdir -p \"$(dirname \"$metallib_output\")\"\n\nif xcrun metal -help >/dev/null 2>&1 && xcrun metallib -help >/dev/null 2>&1; then\n  xcrun metal -c \"$shader_src\" -o \"$air_output\"\n  xcrun metallib \"$air_output\" -o \"$metallib_output\"\nelse\n  echo \"warning: Metal toolchain component is not installed; writing placeholder metallib\"\n  : > \"$metallib_output\"\nfi\n";
		};
		5AE359278D00E58AEEB44408 /* Stage Legacy Runtime */ = {
			isa = PBXShellScriptBuildPhase;
			buildActionMask = 2147483647;
			files = (
			);
			inputFileListPaths = (
			);
			inputPaths = (
			);
			name = "Stage Legacy Runtime";
			outputFileListPaths = (
			);
			outputPaths = (
			);
			runOnlyForDeploymentPostprocessing = 0;
			shellPath = /bin/sh;
			shellScript = "set -euo pipefail\napp_root=\"$TARGET_BUILD_DIR/$CONTENTS_FOLDER_PATH\"\nresources_root=\"$app_root/Resources\"\n\nmkdir -p \"$resources_root\"\n\ncopy_dir() {\n  local source_path=\"$SRCROOT/$1\"\n  local dest_path=\"$resources_root/$2\"\n  rm -rf \"$dest_path\"\n  mkdir -p \"$(dirname \"$dest_path\")\"\n  cp -R \"$source_path\" \"$dest_path\"\n}\n\ncopy_file() {\n  local source_path=\"$SRCROOT/$1\"\n  local dest_path=\"$resources_root/$2\"\n  mkdir -p \"$(dirname \"$dest_path\")\"\n  cp \"$source_path\" \"$dest_path\"\n}\n\ncopy_dir \"ddnoise\" \"ddnoise\"\ncopy_dir \"cmos\" \"cmos\"\ncopy_dir \"roms\" \"roms\"\ncopy_dir \"src/icons\" \"icons\"\ncopy_file \"src/arculator.xrc\" \"arculator.xrc\"\n/bin/sh \"$SRCROOT/macos/build_podules.sh\" \"$SRCROOT\" \"$resources_root\"\n";
		};
		9A7D578977CCD914F4523635 /* Copy Test Fixtures */ = {
			isa = PBXShellScriptBuildPhase;
			buildActionMask = 2147483647;
			files = (
			);
			inputFileListPaths = (
			);
			inputPaths = (
			);
			name = "Copy Test Fixtures";
			outputFileListPaths = (
			);
			outputPaths = (
			);
			runOnlyForDeploymentPostprocessing = 0;
			shellPath = /bin/sh;
			shellScript = "set -euo pipefail\nfixtures_src=\"$SRCROOT/tests/fixtures\"\ntemplates_src=\"$SRCROOT/macos/templates\"\nresources_dir=\"$TARGET_BUILD_DIR/$UNLOCALIZED_RESOURCES_FOLDER_PATH\"\nfixtures_dst=\"$resources_dir/fixtures\"\ntemplates_dst=\"$resources_dir/templates\"\nmkdir -p \"$resources_dir\"\nrm -rf \"$fixtures_dst\"\nrm -rf \"$templates_dst\"\ncp -R \"$fixtures_src\" \"$fixtures_dst\"\ncp -R \"$templates_src\" \"$templates_dst\"\n";
		};
/* End PBXShellScriptBuildPhase section */

/* Begin PBXSourcesBuildPhase section */
		3625D37797DF8E739C9B3D09 /* Sources */ = {
			isa = PBXSourcesBuildPhase;
			buildActionMask = 2147483647;
			files = (
				70BEF4783012D1FDDFAF44D4 /* 82c711.c in Sources */,
				CBBB9C28FFE0FF366E887ABC /* 82c711_fdc.c in Sources */,
				0E065EAE23778E9B7BA72D2A /* arm.c in Sources */,
				CA9A305544115993E423320F /* bmu.c in Sources */,
				97D4D3BF999B1D753E53EDA6 /* cmos.c in Sources */,
				7DB91167E7BE0777175B4B0F /* colourcard.c in Sources */,
				9AF8781DD3CBE7048E710CD2 /* config.c in Sources */,
				F20F6426BF0BD4366057A288 /* cp15.c in Sources */,
				4246B26BEAF4EC4553FBF604 /* ddnoise.c in Sources */,
				B62F192711BB26B10F817784 /* debugger.c in Sources */,
				8AD406F1C48965B2BBB2A077 /* debugger_swis.c in Sources */,
				498FF1A5E691F8AA8198BC0F /* disc.c in Sources */,
				7C7DC353E7CCFDB211A50AA5 /* disc_adf.c in Sources */,
				171D1C8FB70688D54758B1EC /* disc_apd.c in Sources */,
				59BBAEE526BFDD8A5D09D5B4 /* disc_fdi.c in Sources */,
				F605ECC75BC6F80CC432831C /* disc_hfe.c in Sources */,
				AA2CA5BB38F9764CFD691F5A /* disc_jfd.c in Sources */,
				0E5B756EDE152FDCD7EA2A8F /* disc_mfm_common.c in Sources */,
				950A811A1EC2B3B18D0EC765 /* disc_scp.c in Sources */,
				24C4451909D38E18E10ED9F6 /* ds2401.c in Sources */,
				D0412C2508E1D1562C4268DE /* emulation_control.c in Sources */,
				16EDFF70ECB3068351380D52 /* eterna.c in Sources */,
				40A7EBC2B8DC8B920F624193 /* fdi2raw.c in Sources */,
				3A4476DF72D200A059C1BB9F /* fpa.c in Sources */,
				CFAF39377D792F39B02BD955 /* g16.c in Sources */,
				E9FAA385FDEF5C78EF1D9123 /* g332.c in Sources */,
				C0535706E13B6A2D6A64C5C2 /* hostfs.c in Sources */,
				EFE552CF82699D52828EC6ED /* hostfs-unix.c in Sources */,
				3C838805CE2D24E1DA82C4D1 /* ide.c in Sources */,
				47F5063F97770513C61CB650 /* ide_a3in.c in Sources */,
				233EF68A52CB55D2B6D09008 /* ide_config.c in Sources */,
				76BB400612A89570A44E5F3E /* ide_idea.c in Sources */,
				7466E59F9D7AE73FFED6892E /* ide_riscdev.c in Sources */,
				0DCEEF885FCEC08947B2BEBE /* ide_zidefs.c in Sources */,
				4D789ABA267D2878471DAD62 /* ide_zidefs_a3k.c in Sources */,
				56901A4326E31B2E0863A580 /* input_macos.m in Sources */,
				65AB35C5C11D538664F67E2F /* input_snapshot.c in Sources */,
				33EE2DB58D2521EF832D910A /* ioc.c in Sources */,
				852D2FEA1D8798297FDAC1E3 /* ioeb.c in Sources */,
				A021E539B68835685B0A5B19 /* joystick.c in Sources */,
				55615B67893DFCBA47D7B318 /* keyboard.c in Sources */,
				772B7140B1384B5085CFF644 /* lc.c in Sources */,
				FDB86B4457643F69DA0D0CEA /* app_macos.mm in Sources */,
				A1D8584731F111B09F9DD40B /* main.c in Sources */,
				AD2EFB52315A5B57BEDB4CF8 /* mem.c in Sources */,
				E95A269042A7E1DEDC89841D /* memc.c in Sources */,
				432FF30D091CD8366A1E08BD /* podules-macosx.c in Sources */,
				0E0085E55142711FBFCC4E4A /* platform_paths.c in Sources */,
				9D1549E7428039491A87FE05 /* podules.c in Sources */,
				D56D04FB3429404F79B28CC0 /* printer.c in Sources */,
				E2C83BACF3D16E44C5C01237 /* riscdev_hdfc.c in Sources */,
				1C1851019A25AC2E025F6EDF /* romload.c in Sources */,
				9DD6B304B85DD420CED0815A /* sound.c in Sources */,
				D25E73922CEADA355701C9BD /* st506.c in Sources */,
				C77404D24115DE7A3FEBED75 /* st506_akd52.c in Sources */,
				CE177A15D62B1061A007F01E /* timer.c in Sources */,
				8488F7580E332AEA40E9BF50 /* vidc.c in Sources */,
				C2283C5CAA6C77563386CFE5 /* video_metal.m in Sources */,
				13BDB1C6436561B801340967 /* wd1770.c in Sources */,
				49F768EB5EFCD1EE0C85FAD7 /* console_macos.mm in Sources */,
				2EAB5B95F70E651D6B38AC07 /* hd_macos.mm in Sources */,
				F4D782F9E76B7D9D6BFA5B3C /* joystick_config_macos.mm in Sources */,
				0960F78CCF406D00ACFAA036 /* podule_config_macos.mm in Sources */,
				CB908B32736D0149AD5140DA /* joystick_gc.m in Sources */,
				4CCB6A8B47B4DAF964A59BB7 /* sound_coreaudio.m in Sources */,
				E670B4B58E9160F351B564A5 /* EmulatorBridge.mm in Sources */,
				EAC0BACD9825BA635B52C4B0 /* ConfigBridge.mm in Sources */,
				6F6B444A210C18CE77B475EC /* MachinePresetBridge.mm in Sources */,
				92AD422B3995712086A17E3A /* SwiftInteropSmoke.swift in Sources */,
				F7A81F36494A9EC96C75C4A7 /* MachinePresets.swift in Sources */,
				E08FE5D45E869496A50C7EFD /* MachineConfigModel.swift in Sources */,
				5740FA0DF1C44DAF2B873C06 /* ConfigListModel.swift in Sources */,
				C229EA3A7B43BBD9253D725B /* EmulatorState.swift in Sources */,
				BE581337F213923AF086E4CA /* EmulatorMetalView.swift in Sources */,
				EABB0BB950B29BDF2FF475F8 /* MainSplitViewController.swift in Sources */,
				53C5EE0AB0E712D0C8C4B00E /* SidebarHostingController.swift in Sources */,
				0FD4B525E7A1A92167B1D730 /* ContentHostingController.swift in Sources */,
				B0DC4059B18964327BFAC853 /* ToolbarManager.swift in Sources */,
				E35F4F155CEC631DB7A972F7 /* NewWindowBridge.mm in Sources */,
				D3DDE55B2ECF901F6967F40E /* ConfigEditorBridge.mm in Sources */,
				99168A927449FFE1BBFC1681 /* HardwareEnumeration.swift in Sources */,
				02C8510AF79D7848DE9BBE94 /* MutabilityGating.swift in Sources */,
				459304C8995C0027141718FC /* ConfigEditorView.swift in Sources */,
				A0BF5BC40A224E7BC72EB6D0 /* GeneralSettingsView.swift in Sources */,
				AB9751DE96A5B92BD9C431C3 /* StorageSettingsView.swift in Sources */,
				AB888D918F47BD76823B209F /* PeripheralsSettingsView.swift in Sources */,
				36C1D160F2C79954EC2D121C /* DisplaySettingsView.swift in Sources */,
				CF74080B4A3D901905DA022A /* SidebarView.swift in Sources */,
				C2E7C159920E2827FB0D35FA /* ConfigListView.swift in Sources */,
				06647E9920636494F371A34B /* RunningControlsView.swift in Sources */,
				95C0F884952A87FABEC2154F /* DiscSlotView.swift in Sources */,
				21A6460994BF175B55B5C6BB /* ScriptingCommandSupport.mm in Sources */,
				9D46098A14D7A1E33A8DE2A7 /* LifecycleScriptingCommands.mm in Sources */,
				81F26E152B16B17F7A0942D8 /* ConfigScriptingCommands.mm in Sources */,
				BA9FB77B9672F14677EF5410 /* InputScriptingCommands.mm in Sources */,
				5C610851FE3E8BBA8866FF4E /* NSApplication+Scripting.mm in Sources */,
				C9B283DE8DE9D07B5B18DF4C /* InputInjectionBridge.mm in Sources */,
				6F93CAC2487D3D8811B75146 /* InternalDriveScriptingCommands.mm in Sources */,
				2E6FB2E70C5907201C5B07F2 /* AutomationScriptingCommands.mm in Sources */,
			);
			runOnlyForDeploymentPostprocessing = 0;
		};
		6EBF92782C017612DB590570 /* Sources */ = {
			isa = PBXSourcesBuildPhase;
			buildActionMask = 2147483647;
			files = (
				CEA6C7288A635DE87C7067D3 /* ArculatorUITestCase.swift in Sources */,
				F66DDCF30AF87CA6FA408622 /* ConfigEditorTabUITests.swift in Sources */,
				F27C4AA606DB02119B7049F3 /* ConfigManagementUITests.swift in Sources */,
				C745D99553E4714B3EF5FB01 /* DiscSlotUITests.swift in Sources */,
				E8A20EE5C52E485CCA030D49 /* EmulationLifecycleUITests.swift in Sources */,
				D54713AB633BCA839D9D7A28 /* LaunchIdleUITests.swift in Sources */,
				95D507A4EC4D97B0E4647E35 /* MenuToolbarSyncUITests.swift in Sources */,
				B9F968E412157AAF6CCE4307 /* MutabilityGatingUITests.swift in Sources */,
				5B16705EE1DB9A6FA4F926A0 /* PreselectedConfigUITests.swift in Sources */,
			);
			runOnlyForDeploymentPostprocessing = 0;
		};
		F53318882B723A0F7A3476A1 /* Sources */ = {
			isa = PBXSourcesBuildPhase;
			buildActionMask = 2147483647;
			files = (
				0B03A492F764FFFB367E2134 /* config.c in Sources */,
				379BEE5985BA4D54CF087A23 /* cmos.c in Sources */,
				29F9C90B9CFC95A49A11158D /* platform_paths.c in Sources */,
				CD32223B214217D666E3FB55 /* timer.c in Sources */,
				6ABABFF72FA6CDC284507EBA /* core_test_stubs.c in Sources */,
				7DAE4D8959F74EABA9763BD9 /* AppleScriptCommandTests.mm in Sources */,
				134A2A3AA678165BF631A1CC /* CMOSLoadTests.m in Sources */,
				340BF29C24A381EFC691989E /* ConfigLoadTests.m in Sources */,
				6D6679BBAB0F4A3378A54475 /* KeyboardMappingTests.m in Sources */,
				02F3FC0C99C871B691F15067 /* PlatformPathTests.m in Sources */,
				6F2A6DAA3345438D37E2DDAD /* VideoRendererShutdownTests.m in Sources */,
			);
			runOnlyForDeploymentPostprocessing = 0;
		};
/* End PBXSourcesBuildPhase section */

/* Begin PBXTargetDependency section */
		4EDC4793FC6113D07B57D70A /* PBXTargetDependency */ = {
			isa = PBXTargetDependency;
			name = Arculator;
			target = 3899262DF938273C8173088C /* Arculator */;
			targetProxy = 8A84272E35300E19C8DBDD12 /* PBXContainerItemProxy */;
		};
/* End PBXTargetDependency section */

/* Begin XCBuildConfiguration section */
		196501DFCA72B4E91818FB55 /* Debug */ = {
			isa = XCBuildConfiguration;
			buildSettings = {
				CODE_SIGN_STYLE = Automatic;
				GENERATE_INFOPLIST_FILE = YES;
				MACOSX_DEPLOYMENT_TARGET = 13.0;
				PRODUCT_BUNDLE_IDENTIFIER = com.arculator.mac.uitests;
				SDKROOT = macosx;
				SWIFT_VERSION = 5.0;
				TEST_TARGET_NAME = Arculator;
			};
			name = Debug;
		};
		56CFF5DDD84348DC516DF0AC /* Debug */ = {
			isa = XCBuildConfiguration;
			buildSettings = {
				ARCHS = arm64;
				ASSETCATALOG_COMPILER_APPICON_NAME = AppIcon;
				ASSETCATALOG_COMPILER_GLOBAL_ACCENT_COLOR_NAME = AccentColor;
				CLANG_ENABLE_MODULES = YES;
				CODE_SIGN_STYLE = Automatic;
				COMBINE_HIDPI_IMAGES = YES;
				DEBUG_INFORMATION_FORMAT = dwarf;
				DEFINES_MODULE = YES;
				ENABLE_HARDENED_RUNTIME = NO;
				ENABLE_PREVIEWS = YES;
				GENERATE_INFOPLIST_FILE = NO;
				HEADER_SEARCH_PATHS = (
					"$(inherited)",
					"$(SRCROOT)/src",
				);
				INFOPLIST_FILE = macos/Info.plist;
				LD_RUNPATH_SEARCH_PATHS = "$(inherited) @executable_path/../Frameworks";
				LIBRARY_SEARCH_PATHS = (
					"$(inherited)",
					/opt/homebrew/lib,
				);
				MACOSX_DEPLOYMENT_TARGET = 13.0;
				MTL_ENABLE_DEBUG_INFO = INCLUDE_SOURCE;
				ONLY_ACTIVE_ARCH = YES;
				OTHER_CFLAGS = (
					"$(inherited)",
					"-D_FILE_OFFSET_BITS=64",
					"-Winvalid-offsetof",
					"-fno-modules",
				);
				OTHER_CPLUSPLUSFLAGS = (
					"$(inherited)",
					"-D_FILE_OFFSET_BITS=64",
					"-Winvalid-offsetof",
					"-fno-modules",
				);
				OTHER_LDFLAGS = (
					"$(inherited)",
					"-lz",
				);
				PRODUCT_BUNDLE_IDENTIFIER = com.arculator.mac;
				PRODUCT_NAME = "$(TARGET_NAME)";
				SDKROOT = macosx;
				SWIFT_EMIT_LOC_STRINGS = NO;
				SWIFT_OBJC_BRIDGING_HEADER = "src/macos/Arculator-Bridging-Header.h";
				SWIFT_VERSION = 5.0;
			};
			name = Debug;
		};
		839CBC2F1726F5C449AAF2A3 /* Release */ = {
			isa = XCBuildConfiguration;
			buildSettings = {
				ARCHS = arm64;
				ASSETCATALOG_COMPILER_APPICON_NAME = AppIcon;
				ASSETCATALOG_COMPILER_GLOBAL_ACCENT_COLOR_NAME = AccentColor;
				CLANG_ENABLE_MODULES = YES;
				CODE_SIGN_STYLE = Automatic;
				COMBINE_HIDPI_IMAGES = YES;
				DEBUG_INFORMATION_FORMAT = "dwarf-with-dsym";
				DEFINES_MODULE = YES;
				ENABLE_HARDENED_RUNTIME = NO;
				ENABLE_PREVIEWS = YES;
				GENERATE_INFOPLIST_FILE = NO;
				HEADER_SEARCH_PATHS = (
					"$(inherited)",
					"$(SRCROOT)/src",
				);
				INFOPLIST_FILE = macos/Info.plist;
				LD_RUNPATH_SEARCH_PATHS = "$(inherited) @executable_path/../Frameworks";
				LIBRARY_SEARCH_PATHS = (
					"$(inherited)",
					/opt/homebrew/lib,
				);
				MACOSX_DEPLOYMENT_TARGET = 13.0;
				MTL_ENABLE_DEBUG_INFO = INCLUDE_SOURCE;
				ONLY_ACTIVE_ARCH = NO;
				OTHER_CFLAGS = (
					"$(inherited)",
					"-D_FILE_OFFSET_BITS=64",
					"-Winvalid-offsetof",
					"-fno-modules",
				);
				OTHER_CPLUSPLUSFLAGS = (
					"$(inherited)",
					"-D_FILE_OFFSET_BITS=64",
					"-Winvalid-offsetof",
					"-fno-modules",
				);
				OTHER_LDFLAGS = (
					"$(inherited)",
					"-lz",
				);
				PRODUCT_BUNDLE_IDENTIFIER = com.arculator.mac;
				PRODUCT_NAME = "$(TARGET_NAME)";
				SDKROOT = macosx;
				SWIFT_COMPILATION_MODE = wholemodule;
				SWIFT_EMIT_LOC_STRINGS = NO;
				SWIFT_OBJC_BRIDGING_HEADER = "src/macos/Arculator-Bridging-Header.h";
				SWIFT_VERSION = 5.0;
			};
			name = Release;
		};
		903A0702B515B44D07B2CB6B /* Release */ = {
			isa = XCBuildConfiguration;
			buildSettings = {
				ALWAYS_SEARCH_USER_PATHS = NO;
				CLANG_ANALYZER_NONNULL = YES;
				CLANG_ANALYZER_NUMBER_OBJECT_CONVERSION = YES_AGGRESSIVE;
				CLANG_CXX_LANGUAGE_STANDARD = "gnu++14";
				CLANG_CXX_LIBRARY = "libc++";
				CLANG_ENABLE_MODULES = NO;
				CLANG_ENABLE_OBJC_ARC = YES;
				CLANG_ENABLE_OBJC_WEAK = YES;
				CLANG_WARN_BLOCK_CAPTURE_AUTORELEASING = YES;
				CLANG_WARN_BOOL_CONVERSION = YES;
				CLANG_WARN_COMMA = YES;
				CLANG_WARN_CONSTANT_CONVERSION = YES;
				CLANG_WARN_DEPRECATED_OBJC_IMPLEMENTATIONS = YES;
				CLANG_WARN_DIRECT_OBJC_ISA_USAGE = YES_ERROR;
				CLANG_WARN_DOCUMENTATION_COMMENTS = YES;
				CLANG_WARN_EMPTY_BODY = YES;
				CLANG_WARN_ENUM_CONVERSION = YES;
				CLANG_WARN_INFINITE_RECURSION = YES;
				CLANG_WARN_INT_CONVERSION = YES;
				CLANG_WARN_NON_LITERAL_NULL_CONVERSION = YES;
				CLANG_WARN_OBJC_IMPLICIT_RETAIN_SELF = YES;
				CLANG_WARN_OBJC_LITERAL_CONVERSION = YES;
				CLANG_WARN_OBJC_ROOT_CLASS = YES_ERROR;
				CLANG_WARN_QUOTED_INCLUDE_IN_FRAMEWORK_HEADER = YES;
				CLANG_WARN_RANGE_LOOP_ANALYSIS = YES;
				CLANG_WARN_STRICT_PROTOTYPES = YES;
				CLANG_WARN_SUSPICIOUS_MOVE = YES;
				CLANG_WARN_UNGUARDED_AVAILABILITY = YES_AGGRESSIVE;
				CLANG_WARN_UNREACHABLE_CODE = YES;
				CLANG_WARN__DUPLICATE_METHOD_MATCH = YES;
				COPY_PHASE_STRIP = NO;
				DEBUG_INFORMATION_FORMAT = "dwarf-with-dsym";
				ENABLE_NS_ASSERTIONS = NO;
				ENABLE_STRICT_OBJC_MSGSEND = YES;
				GCC_C_LANGUAGE_STANDARD = gnu11;
				GCC_NO_COMMON_BLOCKS = YES;
				GCC_WARN_64_TO_32_BIT_CONVERSION = YES;
				GCC_WARN_ABOUT_RETURN_TYPE = YES_ERROR;
				GCC_WARN_UNDECLARED_SELECTOR = YES;
				GCC_WARN_UNINITIALIZED_AUTOS = YES_AGGRESSIVE;
				GCC_WARN_UNUSED_FUNCTION = YES;
				GCC_WARN_UNUSED_VARIABLE = YES;
				MACOSX_DEPLOYMENT_TARGET = 13.0;
				MTL_ENABLE_DEBUG_INFO = NO;
				MTL_FAST_MATH = YES;
				PRODUCT_NAME = "$(TARGET_NAME)";
				SDKROOT = macosx;
				SWIFT_COMPILATION_MODE = wholemodule;
				SWIFT_OPTIMIZATION_LEVEL = "-O";
				SWIFT_VERSION = 5.0;
			};
			name = Release;
		};
		93F1AC603EED92CD680F89A4 /* Debug */ = {
			isa = XCBuildConfiguration;
			buildSettings = {
				ALWAYS_SEARCH_USER_PATHS = NO;
				CLANG_ANALYZER_NONNULL = YES;
				CLANG_ANALYZER_NUMBER_OBJECT_CONVERSION = YES_AGGRESSIVE;
				CLANG_CXX_LANGUAGE_STANDARD = "gnu++14";
				CLANG_CXX_LIBRARY = "libc++";
				CLANG_ENABLE_MODULES = NO;
				CLANG_ENABLE_OBJC_ARC = YES;
				CLANG_ENABLE_OBJC_WEAK = YES;
				CLANG_WARN_BLOCK_CAPTURE_AUTORELEASING = YES;
				CLANG_WARN_BOOL_CONVERSION = YES;
				CLANG_WARN_COMMA = YES;
				CLANG_WARN_CONSTANT_CONVERSION = YES;
				CLANG_WARN_DEPRECATED_OBJC_IMPLEMENTATIONS = YES;
				CLANG_WARN_DIRECT_OBJC_ISA_USAGE = YES_ERROR;
				CLANG_WARN_DOCUMENTATION_COMMENTS = YES;
				CLANG_WARN_EMPTY_BODY = YES;
				CLANG_WARN_ENUM_CONVERSION = YES;
				CLANG_WARN_INFINITE_RECURSION = YES;
				CLANG_WARN_INT_CONVERSION = YES;
				CLANG_WARN_NON_LITERAL_NULL_CONVERSION = YES;
				CLANG_WARN_OBJC_IMPLICIT_RETAIN_SELF = YES;
				CLANG_WARN_OBJC_LITERAL_CONVERSION = YES;
				CLANG_WARN_OBJC_ROOT_CLASS = YES_ERROR;
				CLANG_WARN_QUOTED_INCLUDE_IN_FRAMEWORK_HEADER = YES;
				CLANG_WARN_RANGE_LOOP_ANALYSIS = YES;
				CLANG_WARN_STRICT_PROTOTYPES = YES;
				CLANG_WARN_SUSPICIOUS_MOVE = YES;
				CLANG_WARN_UNGUARDED_AVAILABILITY = YES_AGGRESSIVE;
				CLANG_WARN_UNREACHABLE_CODE = YES;
				CLANG_WARN__DUPLICATE_METHOD_MATCH = YES;
				COPY_PHASE_STRIP = NO;
				DEBUG_INFORMATION_FORMAT = dwarf;
				ENABLE_STRICT_OBJC_MSGSEND = YES;
				ENABLE_TESTABILITY = YES;
				GCC_C_LANGUAGE_STANDARD = gnu11;
				GCC_DYNAMIC_NO_PIC = NO;
				GCC_NO_COMMON_BLOCKS = YES;
				GCC_OPTIMIZATION_LEVEL = 0;
				GCC_PREPROCESSOR_DEFINITIONS = (
					"DEBUG=1",
					"$(inherited)",
				);
				GCC_WARN_64_TO_32_BIT_CONVERSION = YES;
				GCC_WARN_ABOUT_RETURN_TYPE = YES_ERROR;
				GCC_WARN_UNDECLARED_SELECTOR = YES;
				GCC_WARN_UNINITIALIZED_AUTOS = YES_AGGRESSIVE;
				GCC_WARN_UNUSED_FUNCTION = YES;
				GCC_WARN_UNUSED_VARIABLE = YES;
				MACOSX_DEPLOYMENT_TARGET = 13.0;
				MTL_ENABLE_DEBUG_INFO = INCLUDE_SOURCE;
				MTL_FAST_MATH = YES;
				ONLY_ACTIVE_ARCH = YES;
				PRODUCT_NAME = "$(TARGET_NAME)";
				SDKROOT = macosx;
				SWIFT_ACTIVE_COMPILATION_CONDITIONS = DEBUG;
				SWIFT_OPTIMIZATION_LEVEL = "-Onone";
				SWIFT_VERSION = 5.0;
			};
			name = Debug;
		};
		CFA17A3729E3755E7183AD74 /* Debug */ = {
			isa = XCBuildConfiguration;
			buildSettings = {
				ARCHS = arm64;
				CODE_SIGN_STYLE = Automatic;
				GENERATE_INFOPLIST_FILE = YES;
				HEADER_SEARCH_PATHS = (
					"$(inherited)",
					"$(SRCROOT)/src",
				);
				MACOSX_DEPLOYMENT_TARGET = 13.0;
				OTHER_CFLAGS = (
					"$(inherited)",
					"-D_FILE_OFFSET_BITS=64",
				);
				PRODUCT_BUNDLE_IDENTIFIER = com.arculator.mac.coretests;
				SDKROOT = macosx;
			};
			name = Debug;
		};
		DC882A872FD5454D327C0B75 /* Release */ = {
			isa = XCBuildConfiguration;
			buildSettings = {
				ARCHS = arm64;
				CODE_SIGN_STYLE = Automatic;
				GENERATE_INFOPLIST_FILE = YES;
				HEADER_SEARCH_PATHS = (
					"$(inherited)",
					"$(SRCROOT)/src",
				);
				MACOSX_DEPLOYMENT_TARGET = 13.0;
				OTHER_CFLAGS = (
					"$(inherited)",
					"-D_FILE_OFFSET_BITS=64",
				);
				PRODUCT_BUNDLE_IDENTIFIER = com.arculator.mac.coretests;
				SDKROOT = macosx;
			};
			name = Release;
		};
		F5E132686962BE08961603FF /* Release */ = {
			isa = XCBuildConfiguration;
			buildSettings = {
				CODE_SIGN_STYLE = Automatic;
				GENERATE_INFOPLIST_FILE = YES;
				MACOSX_DEPLOYMENT_TARGET = 13.0;
				PRODUCT_BUNDLE_IDENTIFIER = com.arculator.mac.uitests;
				SDKROOT = macosx;
				SWIFT_VERSION = 5.0;
				TEST_TARGET_NAME = Arculator;
			};
			name = Release;
		};
/* End XCBuildConfiguration section */

/* Begin XCConfigurationList section */
		193283FCAF0B5754869E9CBE /* Build configuration list for PBXNativeTarget "Arculator" */ = {
			isa = XCConfigurationList;
			buildConfigurations = (
				839CBC2F1726F5C449AAF2A3 /* Release */,
				56CFF5DDD84348DC516DF0AC /* Debug */,
			);
			defaultConfigurationIsVisible = 0;
			defaultConfigurationName = Release;
		};
		19A3E2AE7E85A62222BA3E5A /* Build configuration list for PBXProject "Arculator" */ = {
			isa = XCConfigurationList;
			buildConfigurations = (
				93F1AC603EED92CD680F89A4 /* Debug */,
				903A0702B515B44D07B2CB6B /* Release */,
			);
			defaultConfigurationIsVisible = 0;
			defaultConfigurationName = Release;
		};
		51431F76D9B60289F7E989FF /* Build configuration list for PBXNativeTarget "ArculatorUITests" */ = {
			isa = XCConfigurationList;
			buildConfigurations = (
				F5E132686962BE08961603FF /* Release */,
				196501DFCA72B4E91818FB55 /* Debug */,
			);
			defaultConfigurationIsVisible = 0;
			defaultConfigurationName = Release;
		};
		951D68F7D7BEB38E86682423 /* Build configuration list for PBXNativeTarget "ArculatorCoreTests" */ = {
			isa = XCConfigurationList;
			buildConfigurations = (
				DC882A872FD5454D327C0B75 /* Release */,
				CFA17A3729E3755E7183AD74 /* Debug */,
			);
			defaultConfigurationIsVisible = 0;
			defaultConfigurationName = Release;
		};
/* End XCConfigurationList section */
	};
	rootObject = 18DB4DD8684B3974852EBBA6 /* Project object */;
}
